
Microsoft Visual Studio Solution File, Format Version 12.00
# Visual Studio Version 16
VisualStudioVersion = 16.0.29001.49
MinimumVisualStudioVersion = 10.0.40219.1
Project("{2150E333-8FDC-42A3-9474-1A3956D46DE8}") = "APIs", "APIs", "{40A54429-1411-4933-B51E-5FAE8B12DA35}"
EndProject
Project("{9A19103F-16F7-4668-BE54-9A1E7A4F7556}") = "TamuBusFeed", "TamuBusFeed\TamuBusFeed.csproj", "{D32099AD-9478-430C-818B-AFA72F75FB55}"
EndProject
Project("{D954291E-2A0B-460D-934E-DC6B0785DB48}") = "AggieMove.Shared", "AggieMove\AggieMove.Shared\AggieMove.Shared.shproj", "{6279C845-92F8-4333-AB99-3D213163593C}"
EndProject
Project("{FAE04EC0-301F-11D3-BF4B-00C04F79EFBC}") = "AggieMove.Droid", "AggieMove\AggieMove.Droid\AggieMove.Droid.csproj", "{F2A0B5FF-8961-4B6D-B02A-94F6D0608C23}"
EndProject
Project("{FAE04EC0-301F-11D3-BF4B-00C04F79EFBC}") = "AggieMove.iOS", "AggieMove\AggieMove.iOS\AggieMove.iOS.csproj", "{61B8C229-5576-4B5A-A458-B99E49F761E8}"
EndProject
Project("{FAE04EC0-301F-11D3-BF4B-00C04F79EFBC}") = "AggieMove.UWP", "AggieMove\AggieMove.UWP\AggieMove.UWP.csproj", "{814FADE9-30CA-40B6-86C9-404DCE0250FC}"
EndProject
Project("{FAE04EC0-301F-11D3-BF4B-00C04F79EFBC}") = "AggieMove.Wasm", "AggieMove\AggieMove.Wasm\AggieMove.Wasm.csproj", "{735BA0F4-9215-4912-AE90-D743A8AFAEF7}"
EndProject
Project("{FAE04EC0-301F-11D3-BF4B-00C04F79EFBC}") = "AggieMove.macOS", "AggieMove\AggieMove.macOS\AggieMove.macOS.csproj", "{39670402-6898-4910-98A6-9544F431B3ED}"
EndProject
Global
	GlobalSection(SharedMSBuildProjectFiles) = preSolution
		AggieMove\AggieMove.Shared\AggieMove.Shared.projitems*{39670402-6898-4910-98a6-9544f431b3ed}*SharedItemsImports = 4
		AggieMove\AggieMove.Shared\AggieMove.Shared.projitems*{61b8c229-5576-4b5a-a458-b99e49f761e8}*SharedItemsImports = 4
		AggieMove\AggieMove.Shared\AggieMove.Shared.projitems*{6279c845-92f8-4333-ab99-3d213163593c}*SharedItemsImports = 13
		AggieMove\AggieMove.Shared\AggieMove.Shared.projitems*{735ba0f4-9215-4912-ae90-d743a8afaef7}*SharedItemsImports = 5
		AggieMove\AggieMove.Shared\AggieMove.Shared.projitems*{814fade9-30ca-40b6-86c9-404dce0250fc}*SharedItemsImports = 4
		AggieMove\AggieMove.Shared\AggieMove.Shared.projitems*{f2a0b5ff-8961-4b6d-b02a-94f6d0608c23}*SharedItemsImports = 4
	EndGlobalSection
	GlobalSection(SolutionConfigurationPlatforms) = preSolution
		Ad-Hoc|Any CPU = Ad-Hoc|Any CPU
		Ad-Hoc|ARM = Ad-Hoc|ARM
		Ad-Hoc|ARM64 = Ad-Hoc|ARM64
		Ad-Hoc|iPhone = Ad-Hoc|iPhone
		Ad-Hoc|iPhoneSimulator = Ad-Hoc|iPhoneSimulator
		Ad-Hoc|x64 = Ad-Hoc|x64
		Ad-Hoc|x86 = Ad-Hoc|x86
		AppStore|Any CPU = AppStore|Any CPU
		AppStore|ARM = AppStore|ARM
		AppStore|ARM64 = AppStore|ARM64
		AppStore|iPhone = AppStore|iPhone
		AppStore|iPhoneSimulator = AppStore|iPhoneSimulator
		AppStore|x64 = AppStore|x64
		AppStore|x86 = AppStore|x86
		Debug|Any CPU = Debug|Any CPU
		Debug|ARM = Debug|ARM
		Debug|ARM64 = Debug|ARM64
		Debug|iPhone = Debug|iPhone
		Debug|iPhoneSimulator = Debug|iPhoneSimulator
		Debug|x64 = Debug|x64
		Debug|x86 = Debug|x86
		Release|Any CPU = Release|Any CPU
		Release|ARM = Release|ARM
		Release|ARM64 = Release|ARM64
		Release|iPhone = Release|iPhone
		Release|iPhoneSimulator = Release|iPhoneSimulator
		Release|x64 = Release|x64
		Release|x86 = Release|x86
	EndGlobalSection
	GlobalSection(ProjectConfigurationPlatforms) = postSolution
		{D32099AD-9478-430C-818B-AFA72F75FB55}.Ad-Hoc|Any CPU.ActiveCfg = Debug|Any CPU
		{D32099AD-9478-430C-818B-AFA72F75FB55}.Ad-Hoc|Any CPU.Build.0 = Debug|Any CPU
		{D32099AD-9478-430C-818B-AFA72F75FB55}.Ad-Hoc|ARM.ActiveCfg = Debug|Any CPU
		{D32099AD-9478-430C-818B-AFA72F75FB55}.Ad-Hoc|ARM.Build.0 = Debug|Any CPU
		{D32099AD-9478-430C-818B-AFA72F75FB55}.Ad-Hoc|ARM64.ActiveCfg = Release|Any CPU
		{D32099AD-9478-430C-818B-AFA72F75FB55}.Ad-Hoc|ARM64.Build.0 = Release|Any CPU
		{D32099AD-9478-430C-818B-AFA72F75FB55}.Ad-Hoc|iPhone.ActiveCfg = Debug|Any CPU
		{D32099AD-9478-430C-818B-AFA72F75FB55}.Ad-Hoc|iPhone.Build.0 = Debug|Any CPU
		{D32099AD-9478-430C-818B-AFA72F75FB55}.Ad-Hoc|iPhoneSimulator.ActiveCfg = Debug|Any CPU
		{D32099AD-9478-430C-818B-AFA72F75FB55}.Ad-Hoc|iPhoneSimulator.Build.0 = Debug|Any CPU
		{D32099AD-9478-430C-818B-AFA72F75FB55}.Ad-Hoc|x64.ActiveCfg = Debug|Any CPU
		{D32099AD-9478-430C-818B-AFA72F75FB55}.Ad-Hoc|x64.Build.0 = Debug|Any CPU
		{D32099AD-9478-430C-818B-AFA72F75FB55}.Ad-Hoc|x86.ActiveCfg = Debug|Any CPU
		{D32099AD-9478-430C-818B-AFA72F75FB55}.Ad-Hoc|x86.Build.0 = Debug|Any CPU
		{D32099AD-9478-430C-818B-AFA72F75FB55}.AppStore|Any CPU.ActiveCfg = Debug|Any CPU
		{D32099AD-9478-430C-818B-AFA72F75FB55}.AppStore|Any CPU.Build.0 = Debug|Any CPU
		{D32099AD-9478-430C-818B-AFA72F75FB55}.AppStore|ARM.ActiveCfg = Debug|Any CPU
		{D32099AD-9478-430C-818B-AFA72F75FB55}.AppStore|ARM.Build.0 = Debug|Any CPU
		{D32099AD-9478-430C-818B-AFA72F75FB55}.AppStore|ARM64.ActiveCfg = Release|Any CPU
		{D32099AD-9478-430C-818B-AFA72F75FB55}.AppStore|ARM64.Build.0 = Release|Any CPU
		{D32099AD-9478-430C-818B-AFA72F75FB55}.AppStore|iPhone.ActiveCfg = Debug|Any CPU
		{D32099AD-9478-430C-818B-AFA72F75FB55}.AppStore|iPhone.Build.0 = Debug|Any CPU
		{D32099AD-9478-430C-818B-AFA72F75FB55}.AppStore|iPhoneSimulator.ActiveCfg = Debug|Any CPU
		{D32099AD-9478-430C-818B-AFA72F75FB55}.AppStore|iPhoneSimulator.Build.0 = Debug|Any CPU
		{D32099AD-9478-430C-818B-AFA72F75FB55}.AppStore|x64.ActiveCfg = Debug|Any CPU
		{D32099AD-9478-430C-818B-AFA72F75FB55}.AppStore|x64.Build.0 = Debug|Any CPU
		{D32099AD-9478-430C-818B-AFA72F75FB55}.AppStore|x86.ActiveCfg = Debug|Any CPU
		{D32099AD-9478-430C-818B-AFA72F75FB55}.AppStore|x86.Build.0 = Debug|Any CPU
		{D32099AD-9478-430C-818B-AFA72F75FB55}.Debug|Any CPU.ActiveCfg = Debug|Any CPU
		{D32099AD-9478-430C-818B-AFA72F75FB55}.Debug|Any CPU.Build.0 = Debug|Any CPU
		{D32099AD-9478-430C-818B-AFA72F75FB55}.Debug|ARM.ActiveCfg = Debug|Any CPU
		{D32099AD-9478-430C-818B-AFA72F75FB55}.Debug|ARM.Build.0 = Debug|Any CPU
		{D32099AD-9478-430C-818B-AFA72F75FB55}.Debug|ARM64.ActiveCfg = Debug|Any CPU
		{D32099AD-9478-430C-818B-AFA72F75FB55}.Debug|ARM64.Build.0 = Debug|Any CPU
		{D32099AD-9478-430C-818B-AFA72F75FB55}.Debug|iPhone.ActiveCfg = Debug|Any CPU
		{D32099AD-9478-430C-818B-AFA72F75FB55}.Debug|iPhone.Build.0 = Debug|Any CPU
		{D32099AD-9478-430C-818B-AFA72F75FB55}.Debug|iPhoneSimulator.ActiveCfg = Debug|Any CPU
		{D32099AD-9478-430C-818B-AFA72F75FB55}.Debug|iPhoneSimulator.Build.0 = Debug|Any CPU
		{D32099AD-9478-430C-818B-AFA72F75FB55}.Debug|x64.ActiveCfg = Debug|Any CPU
		{D32099AD-9478-430C-818B-AFA72F75FB55}.Debug|x64.Build.0 = Debug|Any CPU
		{D32099AD-9478-430C-818B-AFA72F75FB55}.Debug|x86.ActiveCfg = Debug|Any CPU
		{D32099AD-9478-430C-818B-AFA72F75FB55}.Debug|x86.Build.0 = Debug|Any CPU
		{D32099AD-9478-430C-818B-AFA72F75FB55}.Release|Any CPU.ActiveCfg = Release|Any CPU
		{D32099AD-9478-430C-818B-AFA72F75FB55}.Release|Any CPU.Build.0 = Release|Any CPU
		{D32099AD-9478-430C-818B-AFA72F75FB55}.Release|ARM.ActiveCfg = Release|Any CPU
		{D32099AD-9478-430C-818B-AFA72F75FB55}.Release|ARM.Build.0 = Release|Any CPU
		{D32099AD-9478-430C-818B-AFA72F75FB55}.Release|ARM64.ActiveCfg = Release|Any CPU
		{D32099AD-9478-430C-818B-AFA72F75FB55}.Release|ARM64.Build.0 = Release|Any CPU
		{D32099AD-9478-430C-818B-AFA72F75FB55}.Release|iPhone.ActiveCfg = Release|Any CPU
		{D32099AD-9478-430C-818B-AFA72F75FB55}.Release|iPhone.Build.0 = Release|Any CPU
		{D32099AD-9478-430C-818B-AFA72F75FB55}.Release|iPhoneSimulator.ActiveCfg = Release|Any CPU
		{D32099AD-9478-430C-818B-AFA72F75FB55}.Release|iPhoneSimulator.Build.0 = Release|Any CPU
		{D32099AD-9478-430C-818B-AFA72F75FB55}.Release|x64.ActiveCfg = Release|Any CPU
		{D32099AD-9478-430C-818B-AFA72F75FB55}.Release|x64.Build.0 = Release|Any CPU
		{D32099AD-9478-430C-818B-AFA72F75FB55}.Release|x86.ActiveCfg = Release|Any CPU
		{D32099AD-9478-430C-818B-AFA72F75FB55}.Release|x86.Build.0 = Release|Any CPU
		{F2A0B5FF-8961-4B6D-B02A-94F6D0608C23}.Ad-Hoc|Any CPU.ActiveCfg = Release|Any CPU
		{F2A0B5FF-8961-4B6D-B02A-94F6D0608C23}.Ad-Hoc|Any CPU.Build.0 = Release|Any CPU
		{F2A0B5FF-8961-4B6D-B02A-94F6D0608C23}.Ad-Hoc|Any CPU.Deploy.0 = Release|Any CPU
		{F2A0B5FF-8961-4B6D-B02A-94F6D0608C23}.Ad-Hoc|ARM.ActiveCfg = Release|Any CPU
		{F2A0B5FF-8961-4B6D-B02A-94F6D0608C23}.Ad-Hoc|ARM.Build.0 = Release|Any CPU
		{F2A0B5FF-8961-4B6D-B02A-94F6D0608C23}.Ad-Hoc|ARM.Deploy.0 = Release|Any CPU
		{F2A0B5FF-8961-4B6D-B02A-94F6D0608C23}.Ad-Hoc|ARM64.ActiveCfg = Release|Any CPU
		{F2A0B5FF-8961-4B6D-B02A-94F6D0608C23}.Ad-Hoc|ARM64.Build.0 = Release|Any CPU
		{F2A0B5FF-8961-4B6D-B02A-94F6D0608C23}.Ad-Hoc|ARM64.Deploy.0 = Release|Any CPU
		{F2A0B5FF-8961-4B6D-B02A-94F6D0608C23}.Ad-Hoc|iPhone.ActiveCfg = Release|Any CPU
		{F2A0B5FF-8961-4B6D-B02A-94F6D0608C23}.Ad-Hoc|iPhone.Build.0 = Release|Any CPU
		{F2A0B5FF-8961-4B6D-B02A-94F6D0608C23}.Ad-Hoc|iPhone.Deploy.0 = Release|Any CPU
		{F2A0B5FF-8961-4B6D-B02A-94F6D0608C23}.Ad-Hoc|iPhoneSimulator.ActiveCfg = Release|Any CPU
		{F2A0B5FF-8961-4B6D-B02A-94F6D0608C23}.Ad-Hoc|iPhoneSimulator.Build.0 = Release|Any CPU
		{F2A0B5FF-8961-4B6D-B02A-94F6D0608C23}.Ad-Hoc|iPhoneSimulator.Deploy.0 = Release|Any CPU
		{F2A0B5FF-8961-4B6D-B02A-94F6D0608C23}.Ad-Hoc|x64.ActiveCfg = Release|Any CPU
		{F2A0B5FF-8961-4B6D-B02A-94F6D0608C23}.Ad-Hoc|x64.Build.0 = Release|Any CPU
		{F2A0B5FF-8961-4B6D-B02A-94F6D0608C23}.Ad-Hoc|x64.Deploy.0 = Release|Any CPU
		{F2A0B5FF-8961-4B6D-B02A-94F6D0608C23}.Ad-Hoc|x86.ActiveCfg = Release|Any CPU
		{F2A0B5FF-8961-4B6D-B02A-94F6D0608C23}.Ad-Hoc|x86.Build.0 = Release|Any CPU
		{F2A0B5FF-8961-4B6D-B02A-94F6D0608C23}.Ad-Hoc|x86.Deploy.0 = Release|Any CPU
		{F2A0B5FF-8961-4B6D-B02A-94F6D0608C23}.AppStore|Any CPU.ActiveCfg = Release|Any CPU
		{F2A0B5FF-8961-4B6D-B02A-94F6D0608C23}.AppStore|Any CPU.Build.0 = Release|Any CPU
		{F2A0B5FF-8961-4B6D-B02A-94F6D0608C23}.AppStore|Any CPU.Deploy.0 = Release|Any CPU
		{F2A0B5FF-8961-4B6D-B02A-94F6D0608C23}.AppStore|ARM.ActiveCfg = Release|Any CPU
		{F2A0B5FF-8961-4B6D-B02A-94F6D0608C23}.AppStore|ARM.Build.0 = Release|Any CPU
		{F2A0B5FF-8961-4B6D-B02A-94F6D0608C23}.AppStore|ARM.Deploy.0 = Release|Any CPU
		{F2A0B5FF-8961-4B6D-B02A-94F6D0608C23}.AppStore|ARM64.ActiveCfg = Release|Any CPU
		{F2A0B5FF-8961-4B6D-B02A-94F6D0608C23}.AppStore|ARM64.Build.0 = Release|Any CPU
		{F2A0B5FF-8961-4B6D-B02A-94F6D0608C23}.AppStore|ARM64.Deploy.0 = Release|Any CPU
		{F2A0B5FF-8961-4B6D-B02A-94F6D0608C23}.AppStore|iPhone.ActiveCfg = Release|Any CPU
		{F2A0B5FF-8961-4B6D-B02A-94F6D0608C23}.AppStore|iPhone.Build.0 = Release|Any CPU
		{F2A0B5FF-8961-4B6D-B02A-94F6D0608C23}.AppStore|iPhone.Deploy.0 = Release|Any CPU
		{F2A0B5FF-8961-4B6D-B02A-94F6D0608C23}.AppStore|iPhoneSimulator.ActiveCfg = Release|Any CPU
		{F2A0B5FF-8961-4B6D-B02A-94F6D0608C23}.AppStore|iPhoneSimulator.Build.0 = Release|Any CPU
		{F2A0B5FF-8961-4B6D-B02A-94F6D0608C23}.AppStore|iPhoneSimulator.Deploy.0 = Release|Any CPU
		{F2A0B5FF-8961-4B6D-B02A-94F6D0608C23}.AppStore|x64.ActiveCfg = Release|Any CPU
		{F2A0B5FF-8961-4B6D-B02A-94F6D0608C23}.AppStore|x64.Build.0 = Release|Any CPU
		{F2A0B5FF-8961-4B6D-B02A-94F6D0608C23}.AppStore|x64.Deploy.0 = Release|Any CPU
		{F2A0B5FF-8961-4B6D-B02A-94F6D0608C23}.AppStore|x86.ActiveCfg = Release|Any CPU
		{F2A0B5FF-8961-4B6D-B02A-94F6D0608C23}.AppStore|x86.Build.0 = Release|Any CPU
		{F2A0B5FF-8961-4B6D-B02A-94F6D0608C23}.AppStore|x86.Deploy.0 = Release|Any CPU
		{F2A0B5FF-8961-4B6D-B02A-94F6D0608C23}.Debug|Any CPU.ActiveCfg = Debug|Any CPU
		{F2A0B5FF-8961-4B6D-B02A-94F6D0608C23}.Debug|Any CPU.Build.0 = Debug|Any CPU
		{F2A0B5FF-8961-4B6D-B02A-94F6D0608C23}.Debug|Any CPU.Deploy.0 = Debug|Any CPU
		{F2A0B5FF-8961-4B6D-B02A-94F6D0608C23}.Debug|ARM.ActiveCfg = Debug|Any CPU
		{F2A0B5FF-8961-4B6D-B02A-94F6D0608C23}.Debug|ARM.Build.0 = Debug|Any CPU
		{F2A0B5FF-8961-4B6D-B02A-94F6D0608C23}.Debug|ARM.Deploy.0 = Debug|Any CPU
		{F2A0B5FF-8961-4B6D-B02A-94F6D0608C23}.Debug|ARM64.ActiveCfg = Debug|Any CPU
		{F2A0B5FF-8961-4B6D-B02A-94F6D0608C23}.Debug|ARM64.Build.0 = Debug|Any CPU
		{F2A0B5FF-8961-4B6D-B02A-94F6D0608C23}.Debug|ARM64.Deploy.0 = Debug|Any CPU
		{F2A0B5FF-8961-4B6D-B02A-94F6D0608C23}.Debug|iPhone.ActiveCfg = Debug|Any CPU
		{F2A0B5FF-8961-4B6D-B02A-94F6D0608C23}.Debug|iPhone.Build.0 = Debug|Any CPU
		{F2A0B5FF-8961-4B6D-B02A-94F6D0608C23}.Debug|iPhone.Deploy.0 = Debug|Any CPU
		{F2A0B5FF-8961-4B6D-B02A-94F6D0608C23}.Debug|iPhoneSimulator.ActiveCfg = Debug|Any CPU
		{F2A0B5FF-8961-4B6D-B02A-94F6D0608C23}.Debug|iPhoneSimulator.Build.0 = Debug|Any CPU
		{F2A0B5FF-8961-4B6D-B02A-94F6D0608C23}.Debug|iPhoneSimulator.Deploy.0 = Debug|Any CPU
		{F2A0B5FF-8961-4B6D-B02A-94F6D0608C23}.Debug|x64.ActiveCfg = Debug|Any CPU
		{F2A0B5FF-8961-4B6D-B02A-94F6D0608C23}.Debug|x64.Build.0 = Debug|Any CPU
		{F2A0B5FF-8961-4B6D-B02A-94F6D0608C23}.Debug|x64.Deploy.0 = Debug|Any CPU
		{F2A0B5FF-8961-4B6D-B02A-94F6D0608C23}.Debug|x86.ActiveCfg = Debug|Any CPU
		{F2A0B5FF-8961-4B6D-B02A-94F6D0608C23}.Debug|x86.Build.0 = Debug|Any CPU
		{F2A0B5FF-8961-4B6D-B02A-94F6D0608C23}.Debug|x86.Deploy.0 = Debug|Any CPU
		{F2A0B5FF-8961-4B6D-B02A-94F6D0608C23}.Release|Any CPU.ActiveCfg = Release|Any CPU
		{F2A0B5FF-8961-4B6D-B02A-94F6D0608C23}.Release|Any CPU.Build.0 = Release|Any CPU
		{F2A0B5FF-8961-4B6D-B02A-94F6D0608C23}.Release|Any CPU.Deploy.0 = Release|Any CPU
		{F2A0B5FF-8961-4B6D-B02A-94F6D0608C23}.Release|ARM.ActiveCfg = Release|Any CPU
		{F2A0B5FF-8961-4B6D-B02A-94F6D0608C23}.Release|ARM.Build.0 = Release|Any CPU
		{F2A0B5FF-8961-4B6D-B02A-94F6D0608C23}.Release|ARM.Deploy.0 = Release|Any CPU
		{F2A0B5FF-8961-4B6D-B02A-94F6D0608C23}.Release|ARM64.ActiveCfg = Release|Any CPU
		{F2A0B5FF-8961-4B6D-B02A-94F6D0608C23}.Release|ARM64.Build.0 = Release|Any CPU
		{F2A0B5FF-8961-4B6D-B02A-94F6D0608C23}.Release|ARM64.Deploy.0 = Release|Any CPU
		{F2A0B5FF-8961-4B6D-B02A-94F6D0608C23}.Release|iPhone.ActiveCfg = Release|Any CPU
		{F2A0B5FF-8961-4B6D-B02A-94F6D0608C23}.Release|iPhone.Build.0 = Release|Any CPU
		{F2A0B5FF-8961-4B6D-B02A-94F6D0608C23}.Release|iPhone.Deploy.0 = Release|Any CPU
		{F2A0B5FF-8961-4B6D-B02A-94F6D0608C23}.Release|iPhoneSimulator.ActiveCfg = Release|Any CPU
		{F2A0B5FF-8961-4B6D-B02A-94F6D0608C23}.Release|iPhoneSimulator.Build.0 = Release|Any CPU
		{F2A0B5FF-8961-4B6D-B02A-94F6D0608C23}.Release|iPhoneSimulator.Deploy.0 = Release|Any CPU
		{F2A0B5FF-8961-4B6D-B02A-94F6D0608C23}.Release|x64.ActiveCfg = Release|Any CPU
		{F2A0B5FF-8961-4B6D-B02A-94F6D0608C23}.Release|x64.Build.0 = Release|Any CPU
		{F2A0B5FF-8961-4B6D-B02A-94F6D0608C23}.Release|x64.Deploy.0 = Release|Any CPU
		{F2A0B5FF-8961-4B6D-B02A-94F6D0608C23}.Release|x86.ActiveCfg = Release|Any CPU
		{F2A0B5FF-8961-4B6D-B02A-94F6D0608C23}.Release|x86.Build.0 = Release|Any CPU
		{F2A0B5FF-8961-4B6D-B02A-94F6D0608C23}.Release|x86.Deploy.0 = Release|Any CPU
		{61B8C229-5576-4B5A-A458-B99E49F761E8}.Ad-Hoc|Any CPU.ActiveCfg = Ad-Hoc|iPhone
		{61B8C229-5576-4B5A-A458-B99E49F761E8}.Ad-Hoc|ARM.ActiveCfg = Ad-Hoc|iPhone
		{61B8C229-5576-4B5A-A458-B99E49F761E8}.Ad-Hoc|ARM64.ActiveCfg = Ad-Hoc|iPhone
		{61B8C229-5576-4B5A-A458-B99E49F761E8}.Ad-Hoc|iPhone.ActiveCfg = Ad-Hoc|iPhone
		{61B8C229-5576-4B5A-A458-B99E49F761E8}.Ad-Hoc|iPhone.Build.0 = Ad-Hoc|iPhone
		{61B8C229-5576-4B5A-A458-B99E49F761E8}.Ad-Hoc|iPhoneSimulator.ActiveCfg = Ad-Hoc|iPhoneSimulator
		{61B8C229-5576-4B5A-A458-B99E49F761E8}.Ad-Hoc|iPhoneSimulator.Build.0 = Ad-Hoc|iPhoneSimulator
		{61B8C229-5576-4B5A-A458-B99E49F761E8}.Ad-Hoc|x64.ActiveCfg = Ad-Hoc|iPhone
		{61B8C229-5576-4B5A-A458-B99E49F761E8}.Ad-Hoc|x86.ActiveCfg = Ad-Hoc|iPhone
		{61B8C229-5576-4B5A-A458-B99E49F761E8}.AppStore|Any CPU.ActiveCfg = AppStore|iPhone
		{61B8C229-5576-4B5A-A458-B99E49F761E8}.AppStore|ARM.ActiveCfg = AppStore|iPhone
		{61B8C229-5576-4B5A-A458-B99E49F761E8}.AppStore|ARM64.ActiveCfg = AppStore|iPhone
		{61B8C229-5576-4B5A-A458-B99E49F761E8}.AppStore|iPhone.ActiveCfg = AppStore|iPhone
		{61B8C229-5576-4B5A-A458-B99E49F761E8}.AppStore|iPhone.Build.0 = AppStore|iPhone
		{61B8C229-5576-4B5A-A458-B99E49F761E8}.AppStore|iPhoneSimulator.ActiveCfg = AppStore|iPhoneSimulator
		{61B8C229-5576-4B5A-A458-B99E49F761E8}.AppStore|iPhoneSimulator.Build.0 = AppStore|iPhoneSimulator
		{61B8C229-5576-4B5A-A458-B99E49F761E8}.AppStore|x64.ActiveCfg = AppStore|iPhone
		{61B8C229-5576-4B5A-A458-B99E49F761E8}.AppStore|x86.ActiveCfg = AppStore|iPhone
		{61B8C229-5576-4B5A-A458-B99E49F761E8}.Debug|Any CPU.ActiveCfg = Debug|iPhone
		{61B8C229-5576-4B5A-A458-B99E49F761E8}.Debug|ARM.ActiveCfg = Debug|iPhone
		{61B8C229-5576-4B5A-A458-B99E49F761E8}.Debug|ARM64.ActiveCfg = Debug|iPhone
		{61B8C229-5576-4B5A-A458-B99E49F761E8}.Debug|iPhone.ActiveCfg = Debug|iPhone
		{61B8C229-5576-4B5A-A458-B99E49F761E8}.Debug|iPhone.Build.0 = Debug|iPhone
		{61B8C229-5576-4B5A-A458-B99E49F761E8}.Debug|iPhoneSimulator.ActiveCfg = Debug|iPhoneSimulator
		{61B8C229-5576-4B5A-A458-B99E49F761E8}.Debug|iPhoneSimulator.Build.0 = Debug|iPhoneSimulator
		{61B8C229-5576-4B5A-A458-B99E49F761E8}.Debug|x64.ActiveCfg = Debug|iPhone
		{61B8C229-5576-4B5A-A458-B99E49F761E8}.Debug|x86.ActiveCfg = Debug|iPhone
		{61B8C229-5576-4B5A-A458-B99E49F761E8}.Release|Any CPU.ActiveCfg = Release|iPhone
		{61B8C229-5576-4B5A-A458-B99E49F761E8}.Release|ARM.ActiveCfg = Release|iPhone
		{61B8C229-5576-4B5A-A458-B99E49F761E8}.Release|ARM64.ActiveCfg = Release|iPhone
		{61B8C229-5576-4B5A-A458-B99E49F761E8}.Release|iPhone.ActiveCfg = Release|iPhone
		{61B8C229-5576-4B5A-A458-B99E49F761E8}.Release|iPhone.Build.0 = Release|iPhone
		{61B8C229-5576-4B5A-A458-B99E49F761E8}.Release|iPhoneSimulator.ActiveCfg = Release|iPhoneSimulator
		{61B8C229-5576-4B5A-A458-B99E49F761E8}.Release|iPhoneSimulator.Build.0 = Release|iPhoneSimulator
		{61B8C229-5576-4B5A-A458-B99E49F761E8}.Release|x64.ActiveCfg = Release|iPhone
		{61B8C229-5576-4B5A-A458-B99E49F761E8}.Release|x86.ActiveCfg = Release|iPhone
		{814FADE9-30CA-40B6-86C9-404DCE0250FC}.Ad-Hoc|Any CPU.ActiveCfg = Release|x64
		{814FADE9-30CA-40B6-86C9-404DCE0250FC}.Ad-Hoc|Any CPU.Build.0 = Release|x64
		{814FADE9-30CA-40B6-86C9-404DCE0250FC}.Ad-Hoc|Any CPU.Deploy.0 = Release|x64
		{814FADE9-30CA-40B6-86C9-404DCE0250FC}.Ad-Hoc|ARM.ActiveCfg = Release|ARM
		{814FADE9-30CA-40B6-86C9-404DCE0250FC}.Ad-Hoc|ARM.Build.0 = Release|ARM
		{814FADE9-30CA-40B6-86C9-404DCE0250FC}.Ad-Hoc|ARM.Deploy.0 = Release|ARM
		{814FADE9-30CA-40B6-86C9-404DCE0250FC}.Ad-Hoc|ARM64.ActiveCfg = Release|ARM64
		{814FADE9-30CA-40B6-86C9-404DCE0250FC}.Ad-Hoc|ARM64.Build.0 = Release|ARM64
		{814FADE9-30CA-40B6-86C9-404DCE0250FC}.Ad-Hoc|ARM64.Deploy.0 = Release|ARM64
		{814FADE9-30CA-40B6-86C9-404DCE0250FC}.Ad-Hoc|iPhone.ActiveCfg = Release|x64
		{814FADE9-30CA-40B6-86C9-404DCE0250FC}.Ad-Hoc|iPhone.Build.0 = Release|x64
		{814FADE9-30CA-40B6-86C9-404DCE0250FC}.Ad-Hoc|iPhone.Deploy.0 = Release|x64
		{814FADE9-30CA-40B6-86C9-404DCE0250FC}.Ad-Hoc|iPhoneSimulator.ActiveCfg = Release|x64
		{814FADE9-30CA-40B6-86C9-404DCE0250FC}.Ad-Hoc|iPhoneSimulator.Build.0 = Release|x64
		{814FADE9-30CA-40B6-86C9-404DCE0250FC}.Ad-Hoc|iPhoneSimulator.Deploy.0 = Release|x64
		{814FADE9-30CA-40B6-86C9-404DCE0250FC}.Ad-Hoc|x64.ActiveCfg = Release|x64
		{814FADE9-30CA-40B6-86C9-404DCE0250FC}.Ad-Hoc|x64.Build.0 = Release|x64
		{814FADE9-30CA-40B6-86C9-404DCE0250FC}.Ad-Hoc|x64.Deploy.0 = Release|x64
		{814FADE9-30CA-40B6-86C9-404DCE0250FC}.Ad-Hoc|x86.ActiveCfg = Release|x86
		{814FADE9-30CA-40B6-86C9-404DCE0250FC}.Ad-Hoc|x86.Build.0 = Release|x86
		{814FADE9-30CA-40B6-86C9-404DCE0250FC}.Ad-Hoc|x86.Deploy.0 = Release|x86
		{814FADE9-30CA-40B6-86C9-404DCE0250FC}.AppStore|Any CPU.ActiveCfg = Release|x64
		{814FADE9-30CA-40B6-86C9-404DCE0250FC}.AppStore|Any CPU.Build.0 = Release|x64
		{814FADE9-30CA-40B6-86C9-404DCE0250FC}.AppStore|Any CPU.Deploy.0 = Release|x64
		{814FADE9-30CA-40B6-86C9-404DCE0250FC}.AppStore|ARM.ActiveCfg = Release|ARM
		{814FADE9-30CA-40B6-86C9-404DCE0250FC}.AppStore|ARM.Build.0 = Release|ARM
		{814FADE9-30CA-40B6-86C9-404DCE0250FC}.AppStore|ARM.Deploy.0 = Release|ARM
		{814FADE9-30CA-40B6-86C9-404DCE0250FC}.AppStore|ARM64.ActiveCfg = Release|ARM64
		{814FADE9-30CA-40B6-86C9-404DCE0250FC}.AppStore|ARM64.Build.0 = Release|ARM64
		{814FADE9-30CA-40B6-86C9-404DCE0250FC}.AppStore|ARM64.Deploy.0 = Release|ARM64
		{814FADE9-30CA-40B6-86C9-404DCE0250FC}.AppStore|iPhone.ActiveCfg = Release|x64
		{814FADE9-30CA-40B6-86C9-404DCE0250FC}.AppStore|iPhone.Build.0 = Release|x64
		{814FADE9-30CA-40B6-86C9-404DCE0250FC}.AppStore|iPhone.Deploy.0 = Release|x64
		{814FADE9-30CA-40B6-86C9-404DCE0250FC}.AppStore|iPhoneSimulator.ActiveCfg = Release|x64
		{814FADE9-30CA-40B6-86C9-404DCE0250FC}.AppStore|iPhoneSimulator.Build.0 = Release|x64
		{814FADE9-30CA-40B6-86C9-404DCE0250FC}.AppStore|iPhoneSimulator.Deploy.0 = Release|x64
		{814FADE9-30CA-40B6-86C9-404DCE0250FC}.AppStore|x64.ActiveCfg = Release|x64
		{814FADE9-30CA-40B6-86C9-404DCE0250FC}.AppStore|x64.Build.0 = Release|x64
		{814FADE9-30CA-40B6-86C9-404DCE0250FC}.AppStore|x64.Deploy.0 = Release|x64
		{814FADE9-30CA-40B6-86C9-404DCE0250FC}.AppStore|x86.ActiveCfg = Release|x86
		{814FADE9-30CA-40B6-86C9-404DCE0250FC}.AppStore|x86.Build.0 = Release|x86
		{814FADE9-30CA-40B6-86C9-404DCE0250FC}.AppStore|x86.Deploy.0 = Release|x86
		{814FADE9-30CA-40B6-86C9-404DCE0250FC}.Debug|Any CPU.ActiveCfg = Debug|x86
		{814FADE9-30CA-40B6-86C9-404DCE0250FC}.Debug|ARM.ActiveCfg = Debug|ARM
		{814FADE9-30CA-40B6-86C9-404DCE0250FC}.Debug|ARM.Build.0 = Debug|ARM
		{814FADE9-30CA-40B6-86C9-404DCE0250FC}.Debug|ARM.Deploy.0 = Debug|ARM
		{814FADE9-30CA-40B6-86C9-404DCE0250FC}.Debug|ARM64.ActiveCfg = Debug|ARM64
		{814FADE9-30CA-40B6-86C9-404DCE0250FC}.Debug|ARM64.Build.0 = Debug|ARM64
		{814FADE9-30CA-40B6-86C9-404DCE0250FC}.Debug|ARM64.Deploy.0 = Debug|ARM64
		{814FADE9-30CA-40B6-86C9-404DCE0250FC}.Debug|iPhone.ActiveCfg = Debug|x86
		{814FADE9-30CA-40B6-86C9-404DCE0250FC}.Debug|iPhoneSimulator.ActiveCfg = Debug|x86
		{814FADE9-30CA-40B6-86C9-404DCE0250FC}.Debug|x64.ActiveCfg = Debug|x64
		{814FADE9-30CA-40B6-86C9-404DCE0250FC}.Debug|x64.Build.0 = Debug|x64
		{814FADE9-30CA-40B6-86C9-404DCE0250FC}.Debug|x64.Deploy.0 = Debug|x64
		{814FADE9-30CA-40B6-86C9-404DCE0250FC}.Debug|x86.ActiveCfg = Debug|x86
		{814FADE9-30CA-40B6-86C9-404DCE0250FC}.Debug|x86.Build.0 = Debug|x86
		{814FADE9-30CA-40B6-86C9-404DCE0250FC}.Debug|x86.Deploy.0 = Debug|x86
		{814FADE9-30CA-40B6-86C9-404DCE0250FC}.Release|Any CPU.ActiveCfg = Release|x86
		{814FADE9-30CA-40B6-86C9-404DCE0250FC}.Release|ARM.ActiveCfg = Release|ARM
		{814FADE9-30CA-40B6-86C9-404DCE0250FC}.Release|ARM.Build.0 = Release|ARM
		{814FADE9-30CA-40B6-86C9-404DCE0250FC}.Release|ARM.Deploy.0 = Release|ARM
		{814FADE9-30CA-40B6-86C9-404DCE0250FC}.Release|ARM64.ActiveCfg = Release|ARM64
		{814FADE9-30CA-40B6-86C9-404DCE0250FC}.Release|ARM64.Build.0 = Release|ARM64
		{814FADE9-30CA-40B6-86C9-404DCE0250FC}.Release|ARM64.Deploy.0 = Release|ARM64
		{814FADE9-30CA-40B6-86C9-404DCE0250FC}.Release|iPhone.ActiveCfg = Release|x86
		{814FADE9-30CA-40B6-86C9-404DCE0250FC}.Release|iPhoneSimulator.ActiveCfg = Release|x86
		{814FADE9-30CA-40B6-86C9-404DCE0250FC}.Release|x64.ActiveCfg = Release|x64
		{814FADE9-30CA-40B6-86C9-404DCE0250FC}.Release|x64.Build.0 = Release|x64
		{814FADE9-30CA-40B6-86C9-404DCE0250FC}.Release|x64.Deploy.0 = Release|x64
		{814FADE9-30CA-40B6-86C9-404DCE0250FC}.Release|x86.ActiveCfg = Release|x86
		{814FADE9-30CA-40B6-86C9-404DCE0250FC}.Release|x86.Build.0 = Release|x86
		{814FADE9-30CA-40B6-86C9-404DCE0250FC}.Release|x86.Deploy.0 = Release|x86
		{735BA0F4-9215-4912-AE90-D743A8AFAEF7}.Ad-Hoc|Any CPU.ActiveCfg = Debug|Any CPU
		{735BA0F4-9215-4912-AE90-D743A8AFAEF7}.Ad-Hoc|Any CPU.Build.0 = Debug|Any CPU
		{735BA0F4-9215-4912-AE90-D743A8AFAEF7}.Ad-Hoc|ARM.ActiveCfg = Debug|Any CPU
		{735BA0F4-9215-4912-AE90-D743A8AFAEF7}.Ad-Hoc|ARM.Build.0 = Debug|Any CPU
		{735BA0F4-9215-4912-AE90-D743A8AFAEF7}.Ad-Hoc|ARM64.ActiveCfg = Debug|Any CPU
		{735BA0F4-9215-4912-AE90-D743A8AFAEF7}.Ad-Hoc|ARM64.Build.0 = Debug|Any CPU
		{735BA0F4-9215-4912-AE90-D743A8AFAEF7}.Ad-Hoc|iPhone.ActiveCfg = Debug|Any CPU
		{735BA0F4-9215-4912-AE90-D743A8AFAEF7}.Ad-Hoc|iPhone.Build.0 = Debug|Any CPU
		{735BA0F4-9215-4912-AE90-D743A8AFAEF7}.Ad-Hoc|iPhoneSimulator.ActiveCfg = Debug|Any CPU
		{735BA0F4-9215-4912-AE90-D743A8AFAEF7}.Ad-Hoc|iPhoneSimulator.Build.0 = Debug|Any CPU
		{735BA0F4-9215-4912-AE90-D743A8AFAEF7}.Ad-Hoc|x64.ActiveCfg = Debug|Any CPU
		{735BA0F4-9215-4912-AE90-D743A8AFAEF7}.Ad-Hoc|x64.Build.0 = Debug|Any CPU
		{735BA0F4-9215-4912-AE90-D743A8AFAEF7}.Ad-Hoc|x86.ActiveCfg = Debug|Any CPU
		{735BA0F4-9215-4912-AE90-D743A8AFAEF7}.Ad-Hoc|x86.Build.0 = Debug|Any CPU
		{735BA0F4-9215-4912-AE90-D743A8AFAEF7}.AppStore|Any CPU.ActiveCfg = Debug|Any CPU
		{735BA0F4-9215-4912-AE90-D743A8AFAEF7}.AppStore|Any CPU.Build.0 = Debug|Any CPU
		{735BA0F4-9215-4912-AE90-D743A8AFAEF7}.AppStore|ARM.ActiveCfg = Debug|Any CPU
		{735BA0F4-9215-4912-AE90-D743A8AFAEF7}.AppStore|ARM.Build.0 = Debug|Any CPU
		{735BA0F4-9215-4912-AE90-D743A8AFAEF7}.AppStore|ARM64.ActiveCfg = Debug|Any CPU
		{735BA0F4-9215-4912-AE90-D743A8AFAEF7}.AppStore|ARM64.Build.0 = Debug|Any CPU
		{735BA0F4-9215-4912-AE90-D743A8AFAEF7}.AppStore|iPhone.ActiveCfg = Debug|Any CPU
		{735BA0F4-9215-4912-AE90-D743A8AFAEF7}.AppStore|iPhone.Build.0 = Debug|Any CPU
		{735BA0F4-9215-4912-AE90-D743A8AFAEF7}.AppStore|iPhoneSimulator.ActiveCfg = Debug|Any CPU
		{735BA0F4-9215-4912-AE90-D743A8AFAEF7}.AppStore|iPhoneSimulator.Build.0 = Debug|Any CPU
		{735BA0F4-9215-4912-AE90-D743A8AFAEF7}.AppStore|x64.ActiveCfg = Debug|Any CPU
		{735BA0F4-9215-4912-AE90-D743A8AFAEF7}.AppStore|x64.Build.0 = Debug|Any CPU
		{735BA0F4-9215-4912-AE90-D743A8AFAEF7}.AppStore|x86.ActiveCfg = Debug|Any CPU
		{735BA0F4-9215-4912-AE90-D743A8AFAEF7}.AppStore|x86.Build.0 = Debug|Any CPU
		{735BA0F4-9215-4912-AE90-D743A8AFAEF7}.Debug|Any CPU.ActiveCfg = Debug|Any CPU
		{735BA0F4-9215-4912-AE90-D743A8AFAEF7}.Debug|Any CPU.Build.0 = Debug|Any CPU
		{735BA0F4-9215-4912-AE90-D743A8AFAEF7}.Debug|ARM.ActiveCfg = Debug|Any CPU
		{735BA0F4-9215-4912-AE90-D743A8AFAEF7}.Debug|ARM.Build.0 = Debug|Any CPU
		{735BA0F4-9215-4912-AE90-D743A8AFAEF7}.Debug|ARM64.ActiveCfg = Debug|Any CPU
		{735BA0F4-9215-4912-AE90-D743A8AFAEF7}.Debug|ARM64.Build.0 = Debug|Any CPU
		{735BA0F4-9215-4912-AE90-D743A8AFAEF7}.Debug|iPhone.ActiveCfg = Debug|Any CPU
		{735BA0F4-9215-4912-AE90-D743A8AFAEF7}.Debug|iPhone.Build.0 = Debug|Any CPU
		{735BA0F4-9215-4912-AE90-D743A8AFAEF7}.Debug|iPhoneSimulator.ActiveCfg = Debug|Any CPU
		{735BA0F4-9215-4912-AE90-D743A8AFAEF7}.Debug|iPhoneSimulator.Build.0 = Debug|Any CPU
		{735BA0F4-9215-4912-AE90-D743A8AFAEF7}.Debug|x64.ActiveCfg = Debug|Any CPU
		{735BA0F4-9215-4912-AE90-D743A8AFAEF7}.Debug|x64.Build.0 = Debug|Any CPU
		{735BA0F4-9215-4912-AE90-D743A8AFAEF7}.Debug|x86.ActiveCfg = Debug|Any CPU
		{735BA0F4-9215-4912-AE90-D743A8AFAEF7}.Debug|x86.Build.0 = Debug|Any CPU
		{735BA0F4-9215-4912-AE90-D743A8AFAEF7}.Release|Any CPU.ActiveCfg = Release|Any CPU
		{735BA0F4-9215-4912-AE90-D743A8AFAEF7}.Release|Any CPU.Build.0 = Release|Any CPU
		{735BA0F4-9215-4912-AE90-D743A8AFAEF7}.Release|ARM.ActiveCfg = Release|Any CPU
		{735BA0F4-9215-4912-AE90-D743A8AFAEF7}.Release|ARM.Build.0 = Release|Any CPU
		{735BA0F4-9215-4912-AE90-D743A8AFAEF7}.Release|ARM64.ActiveCfg = Release|Any CPU
		{735BA0F4-9215-4912-AE90-D743A8AFAEF7}.Release|ARM64.Build.0 = Release|Any CPU
		{735BA0F4-9215-4912-AE90-D743A8AFAEF7}.Release|iPhone.ActiveCfg = Release|Any CPU
		{735BA0F4-9215-4912-AE90-D743A8AFAEF7}.Release|iPhone.Build.0 = Release|Any CPU
		{735BA0F4-9215-4912-AE90-D743A8AFAEF7}.Release|iPhoneSimulator.ActiveCfg = Release|Any CPU
		{735BA0F4-9215-4912-AE90-D743A8AFAEF7}.Release|iPhoneSimulator.Build.0 = Release|Any CPU
		{735BA0F4-9215-4912-AE90-D743A8AFAEF7}.Release|x64.ActiveCfg = Release|Any CPU
		{735BA0F4-9215-4912-AE90-D743A8AFAEF7}.Release|x64.Build.0 = Release|Any CPU
		{735BA0F4-9215-4912-AE90-D743A8AFAEF7}.Release|x86.ActiveCfg = Release|Any CPU
		{735BA0F4-9215-4912-AE90-D743A8AFAEF7}.Release|x86.Build.0 = Release|Any CPU
		{39670402-6898-4910-98A6-9544F431B3ED}.Ad-Hoc|Any CPU.ActiveCfg = Release|iPhoneSimulator
		{39670402-6898-4910-98A6-9544F431B3ED}.Ad-Hoc|Any CPU.Build.0 = Release|iPhoneSimulator
		{39670402-6898-4910-98A6-9544F431B3ED}.Ad-Hoc|ARM.ActiveCfg = Release|iPhoneSimulator
		{39670402-6898-4910-98A6-9544F431B3ED}.Ad-Hoc|ARM.Build.0 = Release|iPhoneSimulator
		{39670402-6898-4910-98A6-9544F431B3ED}.Ad-Hoc|ARM64.ActiveCfg = Release|iPhoneSimulator
		{39670402-6898-4910-98A6-9544F431B3ED}.Ad-Hoc|ARM64.Build.0 = Release|iPhoneSimulator
		{39670402-6898-4910-98A6-9544F431B3ED}.Ad-Hoc|iPhone.ActiveCfg = Release|iPhoneSimulator
		{39670402-6898-4910-98A6-9544F431B3ED}.Ad-Hoc|iPhone.Build.0 = Release|iPhoneSimulator
		{39670402-6898-4910-98A6-9544F431B3ED}.Ad-Hoc|iPhoneSimulator.ActiveCfg = Release|iPhoneSimulator
		{39670402-6898-4910-98A6-9544F431B3ED}.Ad-Hoc|iPhoneSimulator.Build.0 = Release|iPhoneSimulator
		{39670402-6898-4910-98A6-9544F431B3ED}.Ad-Hoc|x64.ActiveCfg = Release|iPhoneSimulator
		{39670402-6898-4910-98A6-9544F431B3ED}.Ad-Hoc|x64.Build.0 = Release|iPhoneSimulator
		{39670402-6898-4910-98A6-9544F431B3ED}.Ad-Hoc|x86.ActiveCfg = Release|iPhoneSimulator
		{39670402-6898-4910-98A6-9544F431B3ED}.Ad-Hoc|x86.Build.0 = Release|iPhoneSimulator
		{39670402-6898-4910-98A6-9544F431B3ED}.AppStore|Any CPU.ActiveCfg = Release|iPhoneSimulator
		{39670402-6898-4910-98A6-9544F431B3ED}.AppStore|Any CPU.Build.0 = Release|iPhoneSimulator
		{39670402-6898-4910-98A6-9544F431B3ED}.AppStore|ARM.ActiveCfg = Release|iPhoneSimulator
		{39670402-6898-4910-98A6-9544F431B3ED}.AppStore|ARM.Build.0 = Release|iPhoneSimulator
		{39670402-6898-4910-98A6-9544F431B3ED}.AppStore|ARM64.ActiveCfg = Release|iPhoneSimulator
		{39670402-6898-4910-98A6-9544F431B3ED}.AppStore|ARM64.Build.0 = Release|iPhoneSimulator
		{39670402-6898-4910-98A6-9544F431B3ED}.AppStore|iPhone.ActiveCfg = Release|iPhoneSimulator
		{39670402-6898-4910-98A6-9544F431B3ED}.AppStore|iPhone.Build.0 = Release|iPhoneSimulator
		{39670402-6898-4910-98A6-9544F431B3ED}.AppStore|iPhoneSimulator.ActiveCfg = Release|iPhoneSimulator
		{39670402-6898-4910-98A6-9544F431B3ED}.AppStore|iPhoneSimulator.Build.0 = Release|iPhoneSimulator
		{39670402-6898-4910-98A6-9544F431B3ED}.AppStore|x64.ActiveCfg = Release|iPhoneSimulator
		{39670402-6898-4910-98A6-9544F431B3ED}.AppStore|x64.Build.0 = Release|iPhoneSimulator
		{39670402-6898-4910-98A6-9544F431B3ED}.AppStore|x86.ActiveCfg = Release|iPhoneSimulator
		{39670402-6898-4910-98A6-9544F431B3ED}.AppStore|x86.Build.0 = Release|iPhoneSimulator
		{39670402-6898-4910-98A6-9544F431B3ED}.Debug|Any CPU.ActiveCfg = Debug|iPhoneSimulator
		{39670402-6898-4910-98A6-9544F431B3ED}.Debug|ARM.ActiveCfg = Debug|iPhoneSimulator
		{39670402-6898-4910-98A6-9544F431B3ED}.Debug|ARM64.ActiveCfg = Debug|iPhoneSimulator
		{39670402-6898-4910-98A6-9544F431B3ED}.Debug|iPhone.ActiveCfg = Debug|iPhoneSimulator
		{39670402-6898-4910-98A6-9544F431B3ED}.Debug|iPhoneSimulator.ActiveCfg = Debug|iPhoneSimulator
		{39670402-6898-4910-98A6-9544F431B3ED}.Debug|iPhoneSimulator.Build.0 = Debug|iPhoneSimulator
		{39670402-6898-4910-98A6-9544F431B3ED}.Debug|x64.ActiveCfg = Debug|iPhoneSimulator
		{39670402-6898-4910-98A6-9544F431B3ED}.Debug|x86.ActiveCfg = Debug|iPhoneSimulator
		{39670402-6898-4910-98A6-9544F431B3ED}.Release|Any CPU.ActiveCfg = Release|iPhoneSimulator
		{39670402-6898-4910-98A6-9544F431B3ED}.Release|ARM.ActiveCfg = Release|iPhoneSimulator
		{39670402-6898-4910-98A6-9544F431B3ED}.Release|ARM64.ActiveCfg = Release|iPhoneSimulator
		{39670402-6898-4910-98A6-9544F431B3ED}.Release|iPhone.ActiveCfg = Release|iPhoneSimulator
		{39670402-6898-4910-98A6-9544F431B3ED}.Release|iPhoneSimulator.ActiveCfg = Release|iPhoneSimulator
		{39670402-6898-4910-98A6-9544F431B3ED}.Release|iPhoneSimulator.Build.0 = Release|iPhoneSimulator
		{39670402-6898-4910-98A6-9544F431B3ED}.Release|x64.ActiveCfg = Release|iPhoneSimulator
		{39670402-6898-4910-98A6-9544F431B3ED}.Release|x86.ActiveCfg = Release|iPhoneSimulator
	EndGlobalSection
	GlobalSection(SolutionProperties) = preSolution
		HideSolutionNode = FALSE
	EndGlobalSection
	GlobalSection(NestedProjects) = preSolution
		{D32099AD-9478-430C-818B-AFA72F75FB55} = {40A54429-1411-4933-B51E-5FAE8B12DA35}
	EndGlobalSection
	GlobalSection(ExtensibilityGlobals) = postSolution
		SolutionGuid = {205313B3-FD5B-490C-81F7-9133D8378AFC}
	EndGlobalSection
EndGlobal
