
Microsoft Visual Studio Solution File, Format Version 12.00
# Visual Studio Version 16
VisualStudioVersion = 16.0.29001.49
MinimumVisualStudioVersion = 10.0.40219.1
Project("{D954291E-2A0B-460D-934E-DC6B0785DB48}") = "AggieMove.Shared", "MTATransit\MTATransit.Shared\AggieMove.Shared.shproj", "{6279C845-92F8-4333-AB99-3D213163593C}"
EndProject
Project("{FAE04EC0-301F-11D3-BF4B-00C04F79EFBC}") = "AggieMove.Droid", "MTATransit\MTATransit.Droid\AggieMove.Droid.csproj", "{DFB1A4D9-9ED7-47F0-B103-E35FF9D97842}"
EndProject
Project("{FAE04EC0-301F-11D3-BF4B-00C04F79EFBC}") = "AggieMove.iOS", "MTATransit\MTATransit.iOS\AggieMove.iOS.csproj", "{60290A8C-BBCE-44A2-8B01-7ABFDDD9710C}"
EndProject
Project("{FAE04EC0-301F-11D3-BF4B-00C04F79EFBC}") = "AggieMove.UWP", "MTATransit\MTATransit.UWP\AggieMove.UWP.csproj", "{3F0ED2B0-3492-46F7-8485-0AB9ED9C6462}"
EndProject
Project("{9A19103F-16F7-4668-BE54-9A1E7A4F7556}") = "AggieMove.Wasm", "MTATransit\MTATransit.Wasm\AggieMove.Wasm.csproj", "{4CDFF757-4001-4431-BD73-C118422D7C32}"
EndProject
Global
	GlobalSection(SharedMSBuildProjectFiles) = preSolution
		MTATransit\MTATransit.Shared\MTATransit.Shared.projitems*{3f0ed2b0-3492-46f7-8485-0ab9ed9c6462}*SharedItemsImports = 4
		MTATransit\MTATransit.Shared\MTATransit.Shared.projitems*{4cdff757-4001-4431-bd73-c118422d7c32}*SharedItemsImports = 5
		MTATransit\MTATransit.Shared\MTATransit.Shared.projitems*{60290a8c-bbce-44a2-8b01-7abfddd9710c}*SharedItemsImports = 4
		MTATransit\MTATransit.Shared\MTATransit.Shared.projitems*{6279c845-92f8-4333-ab99-3d213163593c}*SharedItemsImports = 13
		MTATransit\MTATransit.Shared\MTATransit.Shared.projitems*{dfb1a4d9-9ed7-47f0-b103-e35ff9d97842}*SharedItemsImports = 4
	EndGlobalSection
	GlobalSection(SolutionConfigurationPlatforms) = preSolution
		Ad-Hoc|Any CPU = Ad-Hoc|Any CPU
		Ad-Hoc|ARM = Ad-Hoc|ARM
		Ad-Hoc|iPhone = Ad-Hoc|iPhone
		Ad-Hoc|iPhoneSimulator = Ad-Hoc|iPhoneSimulator
		Ad-Hoc|x64 = Ad-Hoc|x64
		Ad-Hoc|x86 = Ad-Hoc|x86
		AppStore|Any CPU = AppStore|Any CPU
		AppStore|ARM = AppStore|ARM
		AppStore|iPhone = AppStore|iPhone
		AppStore|iPhoneSimulator = AppStore|iPhoneSimulator
		AppStore|x64 = AppStore|x64
		AppStore|x86 = AppStore|x86
		Debug|Any CPU = Debug|Any CPU
		Debug|ARM = Debug|ARM
		Debug|iPhone = Debug|iPhone
		Debug|iPhoneSimulator = Debug|iPhoneSimulator
		Debug|x64 = Debug|x64
		Debug|x86 = Debug|x86
		Release|Any CPU = Release|Any CPU
		Release|ARM = Release|ARM
		Release|iPhone = Release|iPhone
		Release|iPhoneSimulator = Release|iPhoneSimulator
		Release|x64 = Release|x64
		Release|x86 = Release|x86
	EndGlobalSection
	GlobalSection(ProjectConfigurationPlatforms) = postSolution
		{DFB1A4D9-9ED7-47F0-B103-E35FF9D97842}.Ad-Hoc|Any CPU.ActiveCfg = Release|Any CPU
		{DFB1A4D9-9ED7-47F0-B103-E35FF9D97842}.Ad-Hoc|Any CPU.Build.0 = Release|Any CPU
		{DFB1A4D9-9ED7-47F0-B103-E35FF9D97842}.Ad-Hoc|Any CPU.Deploy.0 = Release|Any CPU
		{DFB1A4D9-9ED7-47F0-B103-E35FF9D97842}.Ad-Hoc|ARM.ActiveCfg = Release|Any CPU
		{DFB1A4D9-9ED7-47F0-B103-E35FF9D97842}.Ad-Hoc|ARM.Build.0 = Release|Any CPU
		{DFB1A4D9-9ED7-47F0-B103-E35FF9D97842}.Ad-Hoc|ARM.Deploy.0 = Release|Any CPU
		{DFB1A4D9-9ED7-47F0-B103-E35FF9D97842}.Ad-Hoc|iPhone.ActiveCfg = Release|Any CPU
		{DFB1A4D9-9ED7-47F0-B103-E35FF9D97842}.Ad-Hoc|iPhone.Build.0 = Release|Any CPU
		{DFB1A4D9-9ED7-47F0-B103-E35FF9D97842}.Ad-Hoc|iPhone.Deploy.0 = Release|Any CPU
		{DFB1A4D9-9ED7-47F0-B103-E35FF9D97842}.Ad-Hoc|iPhoneSimulator.ActiveCfg = Release|Any CPU
		{DFB1A4D9-9ED7-47F0-B103-E35FF9D97842}.Ad-Hoc|iPhoneSimulator.Build.0 = Release|Any CPU
		{DFB1A4D9-9ED7-47F0-B103-E35FF9D97842}.Ad-Hoc|iPhoneSimulator.Deploy.0 = Release|Any CPU
		{DFB1A4D9-9ED7-47F0-B103-E35FF9D97842}.Ad-Hoc|x64.ActiveCfg = Release|Any CPU
		{DFB1A4D9-9ED7-47F0-B103-E35FF9D97842}.Ad-Hoc|x64.Build.0 = Release|Any CPU
		{DFB1A4D9-9ED7-47F0-B103-E35FF9D97842}.Ad-Hoc|x64.Deploy.0 = Release|Any CPU
		{DFB1A4D9-9ED7-47F0-B103-E35FF9D97842}.Ad-Hoc|x86.ActiveCfg = Release|Any CPU
		{DFB1A4D9-9ED7-47F0-B103-E35FF9D97842}.Ad-Hoc|x86.Build.0 = Release|Any CPU
		{DFB1A4D9-9ED7-47F0-B103-E35FF9D97842}.Ad-Hoc|x86.Deploy.0 = Release|Any CPU
		{DFB1A4D9-9ED7-47F0-B103-E35FF9D97842}.AppStore|Any CPU.ActiveCfg = Release|Any CPU
		{DFB1A4D9-9ED7-47F0-B103-E35FF9D97842}.AppStore|Any CPU.Build.0 = Release|Any CPU
		{DFB1A4D9-9ED7-47F0-B103-E35FF9D97842}.AppStore|Any CPU.Deploy.0 = Release|Any CPU
		{DFB1A4D9-9ED7-47F0-B103-E35FF9D97842}.AppStore|ARM.ActiveCfg = Release|Any CPU
		{DFB1A4D9-9ED7-47F0-B103-E35FF9D97842}.AppStore|ARM.Build.0 = Release|Any CPU
		{DFB1A4D9-9ED7-47F0-B103-E35FF9D97842}.AppStore|ARM.Deploy.0 = Release|Any CPU
		{DFB1A4D9-9ED7-47F0-B103-E35FF9D97842}.AppStore|iPhone.ActiveCfg = Release|Any CPU
		{DFB1A4D9-9ED7-47F0-B103-E35FF9D97842}.AppStore|iPhone.Build.0 = Release|Any CPU
		{DFB1A4D9-9ED7-47F0-B103-E35FF9D97842}.AppStore|iPhone.Deploy.0 = Release|Any CPU
		{DFB1A4D9-9ED7-47F0-B103-E35FF9D97842}.AppStore|iPhoneSimulator.ActiveCfg = Release|Any CPU
		{DFB1A4D9-9ED7-47F0-B103-E35FF9D97842}.AppStore|iPhoneSimulator.Build.0 = Release|Any CPU
		{DFB1A4D9-9ED7-47F0-B103-E35FF9D97842}.AppStore|iPhoneSimulator.Deploy.0 = Release|Any CPU
		{DFB1A4D9-9ED7-47F0-B103-E35FF9D97842}.AppStore|x64.ActiveCfg = Release|Any CPU
		{DFB1A4D9-9ED7-47F0-B103-E35FF9D97842}.AppStore|x64.Build.0 = Release|Any CPU
		{DFB1A4D9-9ED7-47F0-B103-E35FF9D97842}.AppStore|x64.Deploy.0 = Release|Any CPU
		{DFB1A4D9-9ED7-47F0-B103-E35FF9D97842}.AppStore|x86.ActiveCfg = Release|Any CPU
		{DFB1A4D9-9ED7-47F0-B103-E35FF9D97842}.AppStore|x86.Build.0 = Release|Any CPU
		{DFB1A4D9-9ED7-47F0-B103-E35FF9D97842}.AppStore|x86.Deploy.0 = Release|Any CPU
		{DFB1A4D9-9ED7-47F0-B103-E35FF9D97842}.Debug|Any CPU.ActiveCfg = Debug|Any CPU
		{DFB1A4D9-9ED7-47F0-B103-E35FF9D97842}.Debug|Any CPU.Build.0 = Debug|Any CPU
		{DFB1A4D9-9ED7-47F0-B103-E35FF9D97842}.Debug|Any CPU.Deploy.0 = Debug|Any CPU
		{DFB1A4D9-9ED7-47F0-B103-E35FF9D97842}.Debug|ARM.ActiveCfg = Debug|Any CPU
		{DFB1A4D9-9ED7-47F0-B103-E35FF9D97842}.Debug|ARM.Build.0 = Debug|Any CPU
		{DFB1A4D9-9ED7-47F0-B103-E35FF9D97842}.Debug|ARM.Deploy.0 = Debug|Any CPU
		{DFB1A4D9-9ED7-47F0-B103-E35FF9D97842}.Debug|iPhone.ActiveCfg = Debug|Any CPU
		{DFB1A4D9-9ED7-47F0-B103-E35FF9D97842}.Debug|iPhone.Build.0 = Debug|Any CPU
		{DFB1A4D9-9ED7-47F0-B103-E35FF9D97842}.Debug|iPhone.Deploy.0 = Debug|Any CPU
		{DFB1A4D9-9ED7-47F0-B103-E35FF9D97842}.Debug|iPhoneSimulator.ActiveCfg = Debug|Any CPU
		{DFB1A4D9-9ED7-47F0-B103-E35FF9D97842}.Debug|iPhoneSimulator.Build.0 = Debug|Any CPU
		{DFB1A4D9-9ED7-47F0-B103-E35FF9D97842}.Debug|iPhoneSimulator.Deploy.0 = Debug|Any CPU
		{DFB1A4D9-9ED7-47F0-B103-E35FF9D97842}.Debug|x64.ActiveCfg = Debug|Any CPU
		{DFB1A4D9-9ED7-47F0-B103-E35FF9D97842}.Debug|x64.Build.0 = Debug|Any CPU
		{DFB1A4D9-9ED7-47F0-B103-E35FF9D97842}.Debug|x64.Deploy.0 = Debug|Any CPU
		{DFB1A4D9-9ED7-47F0-B103-E35FF9D97842}.Debug|x86.ActiveCfg = Debug|x86
		{DFB1A4D9-9ED7-47F0-B103-E35FF9D97842}.Debug|x86.Build.0 = Debug|x86
		{DFB1A4D9-9ED7-47F0-B103-E35FF9D97842}.Debug|x86.Deploy.0 = Debug|x86
		{DFB1A4D9-9ED7-47F0-B103-E35FF9D97842}.Release|Any CPU.ActiveCfg = Release|Any CPU
		{DFB1A4D9-9ED7-47F0-B103-E35FF9D97842}.Release|Any CPU.Build.0 = Release|Any CPU
		{DFB1A4D9-9ED7-47F0-B103-E35FF9D97842}.Release|Any CPU.Deploy.0 = Release|Any CPU
		{DFB1A4D9-9ED7-47F0-B103-E35FF9D97842}.Release|ARM.ActiveCfg = Release|Any CPU
		{DFB1A4D9-9ED7-47F0-B103-E35FF9D97842}.Release|ARM.Build.0 = Release|Any CPU
		{DFB1A4D9-9ED7-47F0-B103-E35FF9D97842}.Release|ARM.Deploy.0 = Release|Any CPU
		{DFB1A4D9-9ED7-47F0-B103-E35FF9D97842}.Release|iPhone.ActiveCfg = Release|Any CPU
		{DFB1A4D9-9ED7-47F0-B103-E35FF9D97842}.Release|iPhone.Build.0 = Release|Any CPU
		{DFB1A4D9-9ED7-47F0-B103-E35FF9D97842}.Release|iPhone.Deploy.0 = Release|Any CPU
		{DFB1A4D9-9ED7-47F0-B103-E35FF9D97842}.Release|iPhoneSimulator.ActiveCfg = Release|Any CPU
		{DFB1A4D9-9ED7-47F0-B103-E35FF9D97842}.Release|iPhoneSimulator.Build.0 = Release|Any CPU
		{DFB1A4D9-9ED7-47F0-B103-E35FF9D97842}.Release|iPhoneSimulator.Deploy.0 = Release|Any CPU
		{DFB1A4D9-9ED7-47F0-B103-E35FF9D97842}.Release|x64.ActiveCfg = Release|Any CPU
		{DFB1A4D9-9ED7-47F0-B103-E35FF9D97842}.Release|x64.Build.0 = Release|Any CPU
		{DFB1A4D9-9ED7-47F0-B103-E35FF9D97842}.Release|x64.Deploy.0 = Release|Any CPU
		{DFB1A4D9-9ED7-47F0-B103-E35FF9D97842}.Release|x86.ActiveCfg = Release|Any CPU
		{DFB1A4D9-9ED7-47F0-B103-E35FF9D97842}.Release|x86.Build.0 = Release|Any CPU
		{DFB1A4D9-9ED7-47F0-B103-E35FF9D97842}.Release|x86.Deploy.0 = Release|Any CPU
		{60290A8C-BBCE-44A2-8B01-7ABFDDD9710C}.Ad-Hoc|Any CPU.ActiveCfg = Ad-Hoc|iPhone
		{60290A8C-BBCE-44A2-8B01-7ABFDDD9710C}.Ad-Hoc|ARM.ActiveCfg = Ad-Hoc|iPhone
		{60290A8C-BBCE-44A2-8B01-7ABFDDD9710C}.Ad-Hoc|iPhone.ActiveCfg = Ad-Hoc|iPhone
		{60290A8C-BBCE-44A2-8B01-7ABFDDD9710C}.Ad-Hoc|iPhone.Build.0 = Ad-Hoc|iPhone
		{60290A8C-BBCE-44A2-8B01-7ABFDDD9710C}.Ad-Hoc|iPhoneSimulator.ActiveCfg = Ad-Hoc|iPhoneSimulator
		{60290A8C-BBCE-44A2-8B01-7ABFDDD9710C}.Ad-Hoc|iPhoneSimulator.Build.0 = Ad-Hoc|iPhoneSimulator
		{60290A8C-BBCE-44A2-8B01-7ABFDDD9710C}.Ad-Hoc|x64.ActiveCfg = Ad-Hoc|iPhone
		{60290A8C-BBCE-44A2-8B01-7ABFDDD9710C}.Ad-Hoc|x86.ActiveCfg = Ad-Hoc|iPhone
		{60290A8C-BBCE-44A2-8B01-7ABFDDD9710C}.AppStore|Any CPU.ActiveCfg = AppStore|iPhone
		{60290A8C-BBCE-44A2-8B01-7ABFDDD9710C}.AppStore|ARM.ActiveCfg = AppStore|iPhone
		{60290A8C-BBCE-44A2-8B01-7ABFDDD9710C}.AppStore|iPhone.ActiveCfg = AppStore|iPhone
		{60290A8C-BBCE-44A2-8B01-7ABFDDD9710C}.AppStore|iPhone.Build.0 = AppStore|iPhone
		{60290A8C-BBCE-44A2-8B01-7ABFDDD9710C}.AppStore|iPhoneSimulator.ActiveCfg = AppStore|iPhoneSimulator
		{60290A8C-BBCE-44A2-8B01-7ABFDDD9710C}.AppStore|iPhoneSimulator.Build.0 = AppStore|iPhoneSimulator
		{60290A8C-BBCE-44A2-8B01-7ABFDDD9710C}.AppStore|x64.ActiveCfg = AppStore|iPhone
		{60290A8C-BBCE-44A2-8B01-7ABFDDD9710C}.AppStore|x86.ActiveCfg = AppStore|iPhone
		{60290A8C-BBCE-44A2-8B01-7ABFDDD9710C}.Debug|Any CPU.ActiveCfg = Debug|iPhone
		{60290A8C-BBCE-44A2-8B01-7ABFDDD9710C}.Debug|ARM.ActiveCfg = Debug|iPhone
		{60290A8C-BBCE-44A2-8B01-7ABFDDD9710C}.Debug|iPhone.ActiveCfg = Debug|iPhone
		{60290A8C-BBCE-44A2-8B01-7ABFDDD9710C}.Debug|iPhone.Build.0 = Debug|iPhone
		{60290A8C-BBCE-44A2-8B01-7ABFDDD9710C}.Debug|iPhoneSimulator.ActiveCfg = Debug|iPhoneSimulator
		{60290A8C-BBCE-44A2-8B01-7ABFDDD9710C}.Debug|iPhoneSimulator.Build.0 = Debug|iPhoneSimulator
		{60290A8C-BBCE-44A2-8B01-7ABFDDD9710C}.Debug|x64.ActiveCfg = Debug|iPhone
		{60290A8C-BBCE-44A2-8B01-7ABFDDD9710C}.Debug|x86.ActiveCfg = Debug|iPhone
		{60290A8C-BBCE-44A2-8B01-7ABFDDD9710C}.Release|Any CPU.ActiveCfg = Release|iPhone
		{60290A8C-BBCE-44A2-8B01-7ABFDDD9710C}.Release|ARM.ActiveCfg = Release|iPhone
		{60290A8C-BBCE-44A2-8B01-7ABFDDD9710C}.Release|iPhone.ActiveCfg = Release|iPhone
		{60290A8C-BBCE-44A2-8B01-7ABFDDD9710C}.Release|iPhone.Build.0 = Release|iPhone
		{60290A8C-BBCE-44A2-8B01-7ABFDDD9710C}.Release|iPhoneSimulator.ActiveCfg = Release|iPhoneSimulator
		{60290A8C-BBCE-44A2-8B01-7ABFDDD9710C}.Release|iPhoneSimulator.Build.0 = Release|iPhoneSimulator
		{60290A8C-BBCE-44A2-8B01-7ABFDDD9710C}.Release|x64.ActiveCfg = Release|iPhone
		{60290A8C-BBCE-44A2-8B01-7ABFDDD9710C}.Release|x86.ActiveCfg = Release|iPhone
		{3F0ED2B0-3492-46F7-8485-0AB9ED9C6462}.Ad-Hoc|Any CPU.ActiveCfg = Release|x64
		{3F0ED2B0-3492-46F7-8485-0AB9ED9C6462}.Ad-Hoc|Any CPU.Build.0 = Release|x64
		{3F0ED2B0-3492-46F7-8485-0AB9ED9C6462}.Ad-Hoc|Any CPU.Deploy.0 = Release|x64
		{3F0ED2B0-3492-46F7-8485-0AB9ED9C6462}.Ad-Hoc|ARM.ActiveCfg = Release|ARM
		{3F0ED2B0-3492-46F7-8485-0AB9ED9C6462}.Ad-Hoc|ARM.Build.0 = Release|ARM
		{3F0ED2B0-3492-46F7-8485-0AB9ED9C6462}.Ad-Hoc|ARM.Deploy.0 = Release|ARM
		{3F0ED2B0-3492-46F7-8485-0AB9ED9C6462}.Ad-Hoc|iPhone.ActiveCfg = Release|x64
		{3F0ED2B0-3492-46F7-8485-0AB9ED9C6462}.Ad-Hoc|iPhone.Build.0 = Release|x64
		{3F0ED2B0-3492-46F7-8485-0AB9ED9C6462}.Ad-Hoc|iPhone.Deploy.0 = Release|x64
		{3F0ED2B0-3492-46F7-8485-0AB9ED9C6462}.Ad-Hoc|iPhoneSimulator.ActiveCfg = Release|x64
		{3F0ED2B0-3492-46F7-8485-0AB9ED9C6462}.Ad-Hoc|iPhoneSimulator.Build.0 = Release|x64
		{3F0ED2B0-3492-46F7-8485-0AB9ED9C6462}.Ad-Hoc|iPhoneSimulator.Deploy.0 = Release|x64
		{3F0ED2B0-3492-46F7-8485-0AB9ED9C6462}.Ad-Hoc|x64.ActiveCfg = Release|x64
		{3F0ED2B0-3492-46F7-8485-0AB9ED9C6462}.Ad-Hoc|x64.Build.0 = Release|x64
		{3F0ED2B0-3492-46F7-8485-0AB9ED9C6462}.Ad-Hoc|x64.Deploy.0 = Release|x64
		{3F0ED2B0-3492-46F7-8485-0AB9ED9C6462}.Ad-Hoc|x86.ActiveCfg = Release|x86
		{3F0ED2B0-3492-46F7-8485-0AB9ED9C6462}.Ad-Hoc|x86.Build.0 = Release|x86
		{3F0ED2B0-3492-46F7-8485-0AB9ED9C6462}.Ad-Hoc|x86.Deploy.0 = Release|x86
		{3F0ED2B0-3492-46F7-8485-0AB9ED9C6462}.AppStore|Any CPU.ActiveCfg = Release|x64
		{3F0ED2B0-3492-46F7-8485-0AB9ED9C6462}.AppStore|Any CPU.Build.0 = Release|x64
		{3F0ED2B0-3492-46F7-8485-0AB9ED9C6462}.AppStore|Any CPU.Deploy.0 = Release|x64
		{3F0ED2B0-3492-46F7-8485-0AB9ED9C6462}.AppStore|ARM.ActiveCfg = Release|ARM
		{3F0ED2B0-3492-46F7-8485-0AB9ED9C6462}.AppStore|ARM.Build.0 = Release|ARM
		{3F0ED2B0-3492-46F7-8485-0AB9ED9C6462}.AppStore|ARM.Deploy.0 = Release|ARM
		{3F0ED2B0-3492-46F7-8485-0AB9ED9C6462}.AppStore|iPhone.ActiveCfg = Release|x64
		{3F0ED2B0-3492-46F7-8485-0AB9ED9C6462}.AppStore|iPhone.Build.0 = Release|x64
		{3F0ED2B0-3492-46F7-8485-0AB9ED9C6462}.AppStore|iPhone.Deploy.0 = Release|x64
		{3F0ED2B0-3492-46F7-8485-0AB9ED9C6462}.AppStore|iPhoneSimulator.ActiveCfg = Release|x64
		{3F0ED2B0-3492-46F7-8485-0AB9ED9C6462}.AppStore|iPhoneSimulator.Build.0 = Release|x64
		{3F0ED2B0-3492-46F7-8485-0AB9ED9C6462}.AppStore|iPhoneSimulator.Deploy.0 = Release|x64
		{3F0ED2B0-3492-46F7-8485-0AB9ED9C6462}.AppStore|x64.ActiveCfg = Release|x64
		{3F0ED2B0-3492-46F7-8485-0AB9ED9C6462}.AppStore|x64.Build.0 = Release|x64
		{3F0ED2B0-3492-46F7-8485-0AB9ED9C6462}.AppStore|x64.Deploy.0 = Release|x64
		{3F0ED2B0-3492-46F7-8485-0AB9ED9C6462}.AppStore|x86.ActiveCfg = Release|x86
		{3F0ED2B0-3492-46F7-8485-0AB9ED9C6462}.AppStore|x86.Build.0 = Release|x86
		{3F0ED2B0-3492-46F7-8485-0AB9ED9C6462}.AppStore|x86.Deploy.0 = Release|x86
		{3F0ED2B0-3492-46F7-8485-0AB9ED9C6462}.Debug|Any CPU.ActiveCfg = Debug|x64
		{3F0ED2B0-3492-46F7-8485-0AB9ED9C6462}.Debug|Any CPU.Build.0 = Debug|x64
		{3F0ED2B0-3492-46F7-8485-0AB9ED9C6462}.Debug|Any CPU.Deploy.0 = Debug|x64
		{3F0ED2B0-3492-46F7-8485-0AB9ED9C6462}.Debug|ARM.ActiveCfg = Debug|ARM
		{3F0ED2B0-3492-46F7-8485-0AB9ED9C6462}.Debug|ARM.Build.0 = Debug|ARM
		{3F0ED2B0-3492-46F7-8485-0AB9ED9C6462}.Debug|ARM.Deploy.0 = Debug|ARM
		{3F0ED2B0-3492-46F7-8485-0AB9ED9C6462}.Debug|iPhone.ActiveCfg = Debug|x86
		{3F0ED2B0-3492-46F7-8485-0AB9ED9C6462}.Debug|iPhoneSimulator.ActiveCfg = Debug|x86
		{3F0ED2B0-3492-46F7-8485-0AB9ED9C6462}.Debug|x64.ActiveCfg = Debug|x64
		{3F0ED2B0-3492-46F7-8485-0AB9ED9C6462}.Debug|x64.Build.0 = Debug|x64
		{3F0ED2B0-3492-46F7-8485-0AB9ED9C6462}.Debug|x64.Deploy.0 = Debug|x64
		{3F0ED2B0-3492-46F7-8485-0AB9ED9C6462}.Debug|x86.ActiveCfg = Debug|x86
		{3F0ED2B0-3492-46F7-8485-0AB9ED9C6462}.Debug|x86.Build.0 = Debug|x86
		{3F0ED2B0-3492-46F7-8485-0AB9ED9C6462}.Debug|x86.Deploy.0 = Debug|x86
		{3F0ED2B0-3492-46F7-8485-0AB9ED9C6462}.Release|Any CPU.ActiveCfg = Release|x86
		{3F0ED2B0-3492-46F7-8485-0AB9ED9C6462}.Release|ARM.ActiveCfg = Release|ARM
		{3F0ED2B0-3492-46F7-8485-0AB9ED9C6462}.Release|ARM.Build.0 = Release|ARM
		{3F0ED2B0-3492-46F7-8485-0AB9ED9C6462}.Release|ARM.Deploy.0 = Release|ARM
		{3F0ED2B0-3492-46F7-8485-0AB9ED9C6462}.Release|iPhone.ActiveCfg = Release|x86
		{3F0ED2B0-3492-46F7-8485-0AB9ED9C6462}.Release|iPhoneSimulator.ActiveCfg = Release|x86
		{3F0ED2B0-3492-46F7-8485-0AB9ED9C6462}.Release|x64.ActiveCfg = Release|x64
		{3F0ED2B0-3492-46F7-8485-0AB9ED9C6462}.Release|x64.Build.0 = Release|x64
		{3F0ED2B0-3492-46F7-8485-0AB9ED9C6462}.Release|x64.Deploy.0 = Release|x64
		{3F0ED2B0-3492-46F7-8485-0AB9ED9C6462}.Release|x86.ActiveCfg = Release|x86
		{3F0ED2B0-3492-46F7-8485-0AB9ED9C6462}.Release|x86.Build.0 = Release|x86
		{3F0ED2B0-3492-46F7-8485-0AB9ED9C6462}.Release|x86.Deploy.0 = Release|x86
		{4CDFF757-4001-4431-BD73-C118422D7C32}.Ad-Hoc|Any CPU.ActiveCfg = Debug|Any CPU
		{4CDFF757-4001-4431-BD73-C118422D7C32}.Ad-Hoc|Any CPU.Build.0 = Debug|Any CPU
		{4CDFF757-4001-4431-BD73-C118422D7C32}.Ad-Hoc|ARM.ActiveCfg = Debug|Any CPU
		{4CDFF757-4001-4431-BD73-C118422D7C32}.Ad-Hoc|ARM.Build.0 = Debug|Any CPU
		{4CDFF757-4001-4431-BD73-C118422D7C32}.Ad-Hoc|iPhone.ActiveCfg = Debug|Any CPU
		{4CDFF757-4001-4431-BD73-C118422D7C32}.Ad-Hoc|iPhone.Build.0 = Debug|Any CPU
		{4CDFF757-4001-4431-BD73-C118422D7C32}.Ad-Hoc|iPhoneSimulator.ActiveCfg = Debug|Any CPU
		{4CDFF757-4001-4431-BD73-C118422D7C32}.Ad-Hoc|iPhoneSimulator.Build.0 = Debug|Any CPU
		{4CDFF757-4001-4431-BD73-C118422D7C32}.Ad-Hoc|x64.ActiveCfg = Debug|Any CPU
		{4CDFF757-4001-4431-BD73-C118422D7C32}.Ad-Hoc|x64.Build.0 = Debug|Any CPU
		{4CDFF757-4001-4431-BD73-C118422D7C32}.Ad-Hoc|x86.ActiveCfg = Debug|Any CPU
		{4CDFF757-4001-4431-BD73-C118422D7C32}.Ad-Hoc|x86.Build.0 = Debug|Any CPU
		{4CDFF757-4001-4431-BD73-C118422D7C32}.AppStore|Any CPU.ActiveCfg = Debug|Any CPU
		{4CDFF757-4001-4431-BD73-C118422D7C32}.AppStore|Any CPU.Build.0 = Debug|Any CPU
		{4CDFF757-4001-4431-BD73-C118422D7C32}.AppStore|ARM.ActiveCfg = Debug|Any CPU
		{4CDFF757-4001-4431-BD73-C118422D7C32}.AppStore|ARM.Build.0 = Debug|Any CPU
		{4CDFF757-4001-4431-BD73-C118422D7C32}.AppStore|iPhone.ActiveCfg = Debug|Any CPU
		{4CDFF757-4001-4431-BD73-C118422D7C32}.AppStore|iPhone.Build.0 = Debug|Any CPU
		{4CDFF757-4001-4431-BD73-C118422D7C32}.AppStore|iPhoneSimulator.ActiveCfg = Debug|Any CPU
		{4CDFF757-4001-4431-BD73-C118422D7C32}.AppStore|iPhoneSimulator.Build.0 = Debug|Any CPU
		{4CDFF757-4001-4431-BD73-C118422D7C32}.AppStore|x64.ActiveCfg = Debug|Any CPU
		{4CDFF757-4001-4431-BD73-C118422D7C32}.AppStore|x64.Build.0 = Debug|Any CPU
		{4CDFF757-4001-4431-BD73-C118422D7C32}.AppStore|x86.ActiveCfg = Debug|Any CPU
		{4CDFF757-4001-4431-BD73-C118422D7C32}.AppStore|x86.Build.0 = Debug|Any CPU
		{4CDFF757-4001-4431-BD73-C118422D7C32}.Debug|Any CPU.ActiveCfg = Debug|Any CPU
		{4CDFF757-4001-4431-BD73-C118422D7C32}.Debug|Any CPU.Build.0 = Debug|Any CPU
		{4CDFF757-4001-4431-BD73-C118422D7C32}.Debug|ARM.ActiveCfg = Debug|Any CPU
		{4CDFF757-4001-4431-BD73-C118422D7C32}.Debug|ARM.Build.0 = Debug|Any CPU
		{4CDFF757-4001-4431-BD73-C118422D7C32}.Debug|iPhone.ActiveCfg = Debug|Any CPU
		{4CDFF757-4001-4431-BD73-C118422D7C32}.Debug|iPhone.Build.0 = Debug|Any CPU
		{4CDFF757-4001-4431-BD73-C118422D7C32}.Debug|iPhoneSimulator.ActiveCfg = Debug|Any CPU
		{4CDFF757-4001-4431-BD73-C118422D7C32}.Debug|iPhoneSimulator.Build.0 = Debug|Any CPU
		{4CDFF757-4001-4431-BD73-C118422D7C32}.Debug|x64.ActiveCfg = Debug|Any CPU
		{4CDFF757-4001-4431-BD73-C118422D7C32}.Debug|x64.Build.0 = Debug|Any CPU
		{4CDFF757-4001-4431-BD73-C118422D7C32}.Debug|x86.ActiveCfg = Debug|Any CPU
		{4CDFF757-4001-4431-BD73-C118422D7C32}.Debug|x86.Build.0 = Debug|Any CPU
		{4CDFF757-4001-4431-BD73-C118422D7C32}.Release|Any CPU.ActiveCfg = Release|Any CPU
		{4CDFF757-4001-4431-BD73-C118422D7C32}.Release|Any CPU.Build.0 = Release|Any CPU
		{4CDFF757-4001-4431-BD73-C118422D7C32}.Release|ARM.ActiveCfg = Release|Any CPU
		{4CDFF757-4001-4431-BD73-C118422D7C32}.Release|ARM.Build.0 = Release|Any CPU
		{4CDFF757-4001-4431-BD73-C118422D7C32}.Release|iPhone.ActiveCfg = Release|Any CPU
		{4CDFF757-4001-4431-BD73-C118422D7C32}.Release|iPhone.Build.0 = Release|Any CPU
		{4CDFF757-4001-4431-BD73-C118422D7C32}.Release|iPhoneSimulator.ActiveCfg = Release|Any CPU
		{4CDFF757-4001-4431-BD73-C118422D7C32}.Release|iPhoneSimulator.Build.0 = Release|Any CPU
		{4CDFF757-4001-4431-BD73-C118422D7C32}.Release|x64.ActiveCfg = Release|Any CPU
		{4CDFF757-4001-4431-BD73-C118422D7C32}.Release|x64.Build.0 = Release|Any CPU
		{4CDFF757-4001-4431-BD73-C118422D7C32}.Release|x86.ActiveCfg = Release|Any CPU
		{4CDFF757-4001-4431-BD73-C118422D7C32}.Release|x86.Build.0 = Release|Any CPU
	EndGlobalSection
	GlobalSection(SolutionProperties) = preSolution
		HideSolutionNode = FALSE
	EndGlobalSection
	GlobalSection(ExtensibilityGlobals) = postSolution
		SolutionGuid = {205313B3-FD5B-490C-81F7-9133D8378AFC}
	EndGlobalSection
EndGlobal
