
Microsoft Visual Studio Solution File, Format Version 12.00
# Visual Studio Version 16
VisualStudioVersion = 16.0.29001.49
MinimumVisualStudioVersion = 10.0.40219.1
Project("{2150E333-8FDC-42A3-9474-1A3956D46DE8}") = "APIs", "APIs", "{40A54429-1411-4933-B51E-5FAE8B12DA35}"
EndProject
Project("{9A19103F-16F7-4668-BE54-9A1E7A4F7556}") = "TamuBusFeed", "TamuBusFeed\TamuBusFeed.csproj", "{D32099AD-9478-430C-818B-AFA72F75FB55}"
EndProject
Project("{D954291E-2A0B-460D-934E-DC6B0785DB48}") = "AggieMove.Shared", "AggieMove\AggieMove.Shared\AggieMove.Shared.shproj", "{6279C845-92F8-4333-AB99-3D213163593C}"
EndProject
Project("{FAE04EC0-301F-11D3-BF4B-00C04F79EFBC}") = "AggieMove.Droid", "AggieMove\AggieMove.Droid\AggieMove.Droid.csproj", "{AEB363AB-2F7F-4277-B0C8-02241DC40D19}"
EndProject
Project("{FAE04EC0-301F-11D3-BF4B-00C04F79EFBC}") = "AggieMove.iOS", "AggieMove\AggieMove.iOS\AggieMove.iOS.csproj", "{2EEF7111-9A10-458C-975E-B123FB0AE6C1}"
EndProject
Project("{FAE04EC0-301F-11D3-BF4B-00C04F79EFBC}") = "AggieMove.UWP", "AggieMove\AggieMove.UWP\AggieMove.UWP.csproj", "{4ED5EC5E-06AC-49BB-98D0-08D7611C565B}"
EndProject
Project("{FAE04EC0-301F-11D3-BF4B-00C04F79EFBC}") = "AggieMove.Wasm", "AggieMove\AggieMove.Wasm\AggieMove.Wasm.csproj", "{4FCE4590-547D-4342-8715-34BED09C4A3B}"
EndProject
Project("{FAE04EC0-301F-11D3-BF4B-00C04F79EFBC}") = "AggieMove.macOS", "AggieMove\AggieMove.macOS\AggieMove.macOS.csproj", "{3D5BBCB2-8757-4437-99BA-A3C793CEAFE8}"
EndProject
Global
	GlobalSection(SharedMSBuildProjectFiles) = preSolution
		AggieMove\AggieMove.Shared\AggieMove.Shared.projitems*{2eef7111-9a10-458c-975e-b123fb0ae6c1}*SharedItemsImports = 4
		AggieMove\AggieMove.Shared\AggieMove.Shared.projitems*{3d5bbcb2-8757-4437-99ba-a3c793ceafe8}*SharedItemsImports = 4
		AggieMove\AggieMove.Shared\AggieMove.Shared.projitems*{4ed5ec5e-06ac-49bb-98d0-08d7611c565b}*SharedItemsImports = 4
		AggieMove\AggieMove.Shared\AggieMove.Shared.projitems*{4fce4590-547d-4342-8715-34bed09c4a3b}*SharedItemsImports = 5
		AggieMove\AggieMove.Shared\AggieMove.Shared.projitems*{6279c845-92f8-4333-ab99-3d213163593c}*SharedItemsImports = 13
		AggieMove\AggieMove.Shared\AggieMove.Shared.projitems*{aeb363ab-2f7f-4277-b0c8-02241dc40d19}*SharedItemsImports = 4
	EndGlobalSection
	GlobalSection(SolutionConfigurationPlatforms) = preSolution
		Ad-Hoc|Any CPU = Ad-Hoc|Any CPU
		Ad-Hoc|ARM = Ad-Hoc|ARM
		Ad-Hoc|ARM64 = Ad-Hoc|ARM64
		Ad-Hoc|iPhone = Ad-Hoc|iPhone
		Ad-Hoc|iPhoneSimulator = Ad-Hoc|iPhoneSimulator
		Ad-Hoc|x64 = Ad-Hoc|x64
		Ad-Hoc|x86 = Ad-Hoc|x86
		AppStore|Any CPU = AppStore|Any CPU
		AppStore|ARM = AppStore|ARM
		AppStore|ARM64 = AppStore|ARM64
		AppStore|iPhone = AppStore|iPhone
		AppStore|iPhoneSimulator = AppStore|iPhoneSimulator
		AppStore|x64 = AppStore|x64
		AppStore|x86 = AppStore|x86
		Debug|Any CPU = Debug|Any CPU
		Debug|ARM = Debug|ARM
		Debug|ARM64 = Debug|ARM64
		Debug|iPhone = Debug|iPhone
		Debug|iPhoneSimulator = Debug|iPhoneSimulator
		Debug|x64 = Debug|x64
		Debug|x86 = Debug|x86
		Release|Any CPU = Release|Any CPU
		Release|ARM = Release|ARM
		Release|ARM64 = Release|ARM64
		Release|iPhone = Release|iPhone
		Release|iPhoneSimulator = Release|iPhoneSimulator
		Release|x64 = Release|x64
		Release|x86 = Release|x86
	EndGlobalSection
	GlobalSection(ProjectConfigurationPlatforms) = postSolution
		{D32099AD-9478-430C-818B-AFA72F75FB55}.Ad-Hoc|Any CPU.ActiveCfg = Debug|Any CPU
		{D32099AD-9478-430C-818B-AFA72F75FB55}.Ad-Hoc|Any CPU.Build.0 = Debug|Any CPU
		{D32099AD-9478-430C-818B-AFA72F75FB55}.Ad-Hoc|ARM.ActiveCfg = Debug|Any CPU
		{D32099AD-9478-430C-818B-AFA72F75FB55}.Ad-Hoc|ARM.Build.0 = Debug|Any CPU
		{D32099AD-9478-430C-818B-AFA72F75FB55}.Ad-Hoc|ARM64.ActiveCfg = Release|Any CPU
		{D32099AD-9478-430C-818B-AFA72F75FB55}.Ad-Hoc|ARM64.Build.0 = Release|Any CPU
		{D32099AD-9478-430C-818B-AFA72F75FB55}.Ad-Hoc|iPhone.ActiveCfg = Debug|Any CPU
		{D32099AD-9478-430C-818B-AFA72F75FB55}.Ad-Hoc|iPhone.Build.0 = Debug|Any CPU
		{D32099AD-9478-430C-818B-AFA72F75FB55}.Ad-Hoc|iPhoneSimulator.ActiveCfg = Debug|Any CPU
		{D32099AD-9478-430C-818B-AFA72F75FB55}.Ad-Hoc|iPhoneSimulator.Build.0 = Debug|Any CPU
		{D32099AD-9478-430C-818B-AFA72F75FB55}.Ad-Hoc|x64.ActiveCfg = Debug|Any CPU
		{D32099AD-9478-430C-818B-AFA72F75FB55}.Ad-Hoc|x64.Build.0 = Debug|Any CPU
		{D32099AD-9478-430C-818B-AFA72F75FB55}.Ad-Hoc|x86.ActiveCfg = Debug|Any CPU
		{D32099AD-9478-430C-818B-AFA72F75FB55}.Ad-Hoc|x86.Build.0 = Debug|Any CPU
		{D32099AD-9478-430C-818B-AFA72F75FB55}.AppStore|Any CPU.ActiveCfg = Debug|Any CPU
		{D32099AD-9478-430C-818B-AFA72F75FB55}.AppStore|Any CPU.Build.0 = Debug|Any CPU
		{D32099AD-9478-430C-818B-AFA72F75FB55}.AppStore|ARM.ActiveCfg = Debug|Any CPU
		{D32099AD-9478-430C-818B-AFA72F75FB55}.AppStore|ARM.Build.0 = Debug|Any CPU
		{D32099AD-9478-430C-818B-AFA72F75FB55}.AppStore|ARM64.ActiveCfg = Release|Any CPU
		{D32099AD-9478-430C-818B-AFA72F75FB55}.AppStore|ARM64.Build.0 = Release|Any CPU
		{D32099AD-9478-430C-818B-AFA72F75FB55}.AppStore|iPhone.ActiveCfg = Debug|Any CPU
		{D32099AD-9478-430C-818B-AFA72F75FB55}.AppStore|iPhone.Build.0 = Debug|Any CPU
		{D32099AD-9478-430C-818B-AFA72F75FB55}.AppStore|iPhoneSimulator.ActiveCfg = Debug|Any CPU
		{D32099AD-9478-430C-818B-AFA72F75FB55}.AppStore|iPhoneSimulator.Build.0 = Debug|Any CPU
		{D32099AD-9478-430C-818B-AFA72F75FB55}.AppStore|x64.ActiveCfg = Debug|Any CPU
		{D32099AD-9478-430C-818B-AFA72F75FB55}.AppStore|x64.Build.0 = Debug|Any CPU
		{D32099AD-9478-430C-818B-AFA72F75FB55}.AppStore|x86.ActiveCfg = Debug|Any CPU
		{D32099AD-9478-430C-818B-AFA72F75FB55}.AppStore|x86.Build.0 = Debug|Any CPU
		{D32099AD-9478-430C-818B-AFA72F75FB55}.Debug|Any CPU.ActiveCfg = Debug|Any CPU
		{D32099AD-9478-430C-818B-AFA72F75FB55}.Debug|Any CPU.Build.0 = Debug|Any CPU
		{D32099AD-9478-430C-818B-AFA72F75FB55}.Debug|ARM.ActiveCfg = Debug|Any CPU
		{D32099AD-9478-430C-818B-AFA72F75FB55}.Debug|ARM.Build.0 = Debug|Any CPU
		{D32099AD-9478-430C-818B-AFA72F75FB55}.Debug|ARM64.ActiveCfg = Debug|Any CPU
		{D32099AD-9478-430C-818B-AFA72F75FB55}.Debug|ARM64.Build.0 = Debug|Any CPU
		{D32099AD-9478-430C-818B-AFA72F75FB55}.Debug|iPhone.ActiveCfg = Debug|Any CPU
		{D32099AD-9478-430C-818B-AFA72F75FB55}.Debug|iPhone.Build.0 = Debug|Any CPU
		{D32099AD-9478-430C-818B-AFA72F75FB55}.Debug|iPhoneSimulator.ActiveCfg = Debug|Any CPU
		{D32099AD-9478-430C-818B-AFA72F75FB55}.Debug|iPhoneSimulator.Build.0 = Debug|Any CPU
		{D32099AD-9478-430C-818B-AFA72F75FB55}.Debug|x64.ActiveCfg = Debug|Any CPU
		{D32099AD-9478-430C-818B-AFA72F75FB55}.Debug|x64.Build.0 = Debug|Any CPU
		{D32099AD-9478-430C-818B-AFA72F75FB55}.Debug|x86.ActiveCfg = Debug|Any CPU
		{D32099AD-9478-430C-818B-AFA72F75FB55}.Debug|x86.Build.0 = Debug|Any CPU
		{D32099AD-9478-430C-818B-AFA72F75FB55}.Release|Any CPU.ActiveCfg = Release|Any CPU
		{D32099AD-9478-430C-818B-AFA72F75FB55}.Release|Any CPU.Build.0 = Release|Any CPU
		{D32099AD-9478-430C-818B-AFA72F75FB55}.Release|ARM.ActiveCfg = Release|Any CPU
		{D32099AD-9478-430C-818B-AFA72F75FB55}.Release|ARM.Build.0 = Release|Any CPU
		{D32099AD-9478-430C-818B-AFA72F75FB55}.Release|ARM64.ActiveCfg = Release|Any CPU
		{D32099AD-9478-430C-818B-AFA72F75FB55}.Release|ARM64.Build.0 = Release|Any CPU
		{D32099AD-9478-430C-818B-AFA72F75FB55}.Release|iPhone.ActiveCfg = Release|Any CPU
		{D32099AD-9478-430C-818B-AFA72F75FB55}.Release|iPhone.Build.0 = Release|Any CPU
		{D32099AD-9478-430C-818B-AFA72F75FB55}.Release|iPhoneSimulator.ActiveCfg = Release|Any CPU
		{D32099AD-9478-430C-818B-AFA72F75FB55}.Release|iPhoneSimulator.Build.0 = Release|Any CPU
		{D32099AD-9478-430C-818B-AFA72F75FB55}.Release|x64.ActiveCfg = Release|Any CPU
		{D32099AD-9478-430C-818B-AFA72F75FB55}.Release|x64.Build.0 = Release|Any CPU
		{D32099AD-9478-430C-818B-AFA72F75FB55}.Release|x86.ActiveCfg = Release|Any CPU
		{D32099AD-9478-430C-818B-AFA72F75FB55}.Release|x86.Build.0 = Release|Any CPU
		{AEB363AB-2F7F-4277-B0C8-02241DC40D19}.Ad-Hoc|Any CPU.ActiveCfg = Release|Any CPU
		{AEB363AB-2F7F-4277-B0C8-02241DC40D19}.Ad-Hoc|Any CPU.Build.0 = Release|Any CPU
		{AEB363AB-2F7F-4277-B0C8-02241DC40D19}.Ad-Hoc|Any CPU.Deploy.0 = Release|Any CPU
		{AEB363AB-2F7F-4277-B0C8-02241DC40D19}.Ad-Hoc|ARM.ActiveCfg = Release|Any CPU
		{AEB363AB-2F7F-4277-B0C8-02241DC40D19}.Ad-Hoc|ARM.Build.0 = Release|Any CPU
		{AEB363AB-2F7F-4277-B0C8-02241DC40D19}.Ad-Hoc|ARM.Deploy.0 = Release|Any CPU
		{AEB363AB-2F7F-4277-B0C8-02241DC40D19}.Ad-Hoc|ARM64.ActiveCfg = Release|Any CPU
		{AEB363AB-2F7F-4277-B0C8-02241DC40D19}.Ad-Hoc|ARM64.Build.0 = Release|Any CPU
		{AEB363AB-2F7F-4277-B0C8-02241DC40D19}.Ad-Hoc|ARM64.Deploy.0 = Release|Any CPU
		{AEB363AB-2F7F-4277-B0C8-02241DC40D19}.Ad-Hoc|iPhone.ActiveCfg = Release|Any CPU
		{AEB363AB-2F7F-4277-B0C8-02241DC40D19}.Ad-Hoc|iPhone.Build.0 = Release|Any CPU
		{AEB363AB-2F7F-4277-B0C8-02241DC40D19}.Ad-Hoc|iPhone.Deploy.0 = Release|Any CPU
		{AEB363AB-2F7F-4277-B0C8-02241DC40D19}.Ad-Hoc|iPhoneSimulator.ActiveCfg = Release|Any CPU
		{AEB363AB-2F7F-4277-B0C8-02241DC40D19}.Ad-Hoc|iPhoneSimulator.Build.0 = Release|Any CPU
		{AEB363AB-2F7F-4277-B0C8-02241DC40D19}.Ad-Hoc|iPhoneSimulator.Deploy.0 = Release|Any CPU
		{AEB363AB-2F7F-4277-B0C8-02241DC40D19}.Ad-Hoc|x64.ActiveCfg = Release|Any CPU
		{AEB363AB-2F7F-4277-B0C8-02241DC40D19}.Ad-Hoc|x64.Build.0 = Release|Any CPU
		{AEB363AB-2F7F-4277-B0C8-02241DC40D19}.Ad-Hoc|x64.Deploy.0 = Release|Any CPU
		{AEB363AB-2F7F-4277-B0C8-02241DC40D19}.Ad-Hoc|x86.ActiveCfg = Release|Any CPU
		{AEB363AB-2F7F-4277-B0C8-02241DC40D19}.Ad-Hoc|x86.Build.0 = Release|Any CPU
		{AEB363AB-2F7F-4277-B0C8-02241DC40D19}.Ad-Hoc|x86.Deploy.0 = Release|Any CPU
		{AEB363AB-2F7F-4277-B0C8-02241DC40D19}.AppStore|Any CPU.ActiveCfg = Release|Any CPU
		{AEB363AB-2F7F-4277-B0C8-02241DC40D19}.AppStore|Any CPU.Build.0 = Release|Any CPU
		{AEB363AB-2F7F-4277-B0C8-02241DC40D19}.AppStore|Any CPU.Deploy.0 = Release|Any CPU
		{AEB363AB-2F7F-4277-B0C8-02241DC40D19}.AppStore|ARM.ActiveCfg = Release|Any CPU
		{AEB363AB-2F7F-4277-B0C8-02241DC40D19}.AppStore|ARM.Build.0 = Release|Any CPU
		{AEB363AB-2F7F-4277-B0C8-02241DC40D19}.AppStore|ARM.Deploy.0 = Release|Any CPU
		{AEB363AB-2F7F-4277-B0C8-02241DC40D19}.AppStore|ARM64.ActiveCfg = Release|Any CPU
		{AEB363AB-2F7F-4277-B0C8-02241DC40D19}.AppStore|ARM64.Build.0 = Release|Any CPU
		{AEB363AB-2F7F-4277-B0C8-02241DC40D19}.AppStore|ARM64.Deploy.0 = Release|Any CPU
		{AEB363AB-2F7F-4277-B0C8-02241DC40D19}.AppStore|iPhone.ActiveCfg = Release|Any CPU
		{AEB363AB-2F7F-4277-B0C8-02241DC40D19}.AppStore|iPhone.Build.0 = Release|Any CPU
		{AEB363AB-2F7F-4277-B0C8-02241DC40D19}.AppStore|iPhone.Deploy.0 = Release|Any CPU
		{AEB363AB-2F7F-4277-B0C8-02241DC40D19}.AppStore|iPhoneSimulator.ActiveCfg = Release|Any CPU
		{AEB363AB-2F7F-4277-B0C8-02241DC40D19}.AppStore|iPhoneSimulator.Build.0 = Release|Any CPU
		{AEB363AB-2F7F-4277-B0C8-02241DC40D19}.AppStore|iPhoneSimulator.Deploy.0 = Release|Any CPU
		{AEB363AB-2F7F-4277-B0C8-02241DC40D19}.AppStore|x64.ActiveCfg = Release|Any CPU
		{AEB363AB-2F7F-4277-B0C8-02241DC40D19}.AppStore|x64.Build.0 = Release|Any CPU
		{AEB363AB-2F7F-4277-B0C8-02241DC40D19}.AppStore|x64.Deploy.0 = Release|Any CPU
		{AEB363AB-2F7F-4277-B0C8-02241DC40D19}.AppStore|x86.ActiveCfg = Release|Any CPU
		{AEB363AB-2F7F-4277-B0C8-02241DC40D19}.AppStore|x86.Build.0 = Release|Any CPU
		{AEB363AB-2F7F-4277-B0C8-02241DC40D19}.AppStore|x86.Deploy.0 = Release|Any CPU
		{AEB363AB-2F7F-4277-B0C8-02241DC40D19}.Debug|Any CPU.ActiveCfg = Debug|Any CPU
		{AEB363AB-2F7F-4277-B0C8-02241DC40D19}.Debug|Any CPU.Build.0 = Debug|Any CPU
		{AEB363AB-2F7F-4277-B0C8-02241DC40D19}.Debug|Any CPU.Deploy.0 = Debug|Any CPU
		{AEB363AB-2F7F-4277-B0C8-02241DC40D19}.Debug|ARM.ActiveCfg = Debug|Any CPU
		{AEB363AB-2F7F-4277-B0C8-02241DC40D19}.Debug|ARM.Build.0 = Debug|Any CPU
		{AEB363AB-2F7F-4277-B0C8-02241DC40D19}.Debug|ARM.Deploy.0 = Debug|Any CPU
		{AEB363AB-2F7F-4277-B0C8-02241DC40D19}.Debug|ARM64.ActiveCfg = Debug|Any CPU
		{AEB363AB-2F7F-4277-B0C8-02241DC40D19}.Debug|ARM64.Build.0 = Debug|Any CPU
		{AEB363AB-2F7F-4277-B0C8-02241DC40D19}.Debug|ARM64.Deploy.0 = Debug|Any CPU
		{AEB363AB-2F7F-4277-B0C8-02241DC40D19}.Debug|iPhone.ActiveCfg = Debug|Any CPU
		{AEB363AB-2F7F-4277-B0C8-02241DC40D19}.Debug|iPhone.Build.0 = Debug|Any CPU
		{AEB363AB-2F7F-4277-B0C8-02241DC40D19}.Debug|iPhone.Deploy.0 = Debug|Any CPU
		{AEB363AB-2F7F-4277-B0C8-02241DC40D19}.Debug|iPhoneSimulator.ActiveCfg = Debug|Any CPU
		{AEB363AB-2F7F-4277-B0C8-02241DC40D19}.Debug|iPhoneSimulator.Build.0 = Debug|Any CPU
		{AEB363AB-2F7F-4277-B0C8-02241DC40D19}.Debug|iPhoneSimulator.Deploy.0 = Debug|Any CPU
		{AEB363AB-2F7F-4277-B0C8-02241DC40D19}.Debug|x64.ActiveCfg = Debug|Any CPU
		{AEB363AB-2F7F-4277-B0C8-02241DC40D19}.Debug|x64.Build.0 = Debug|Any CPU
		{AEB363AB-2F7F-4277-B0C8-02241DC40D19}.Debug|x64.Deploy.0 = Debug|Any CPU
		{AEB363AB-2F7F-4277-B0C8-02241DC40D19}.Debug|x86.ActiveCfg = Debug|Any CPU
		{AEB363AB-2F7F-4277-B0C8-02241DC40D19}.Debug|x86.Build.0 = Debug|Any CPU
		{AEB363AB-2F7F-4277-B0C8-02241DC40D19}.Debug|x86.Deploy.0 = Debug|Any CPU
		{AEB363AB-2F7F-4277-B0C8-02241DC40D19}.Release|Any CPU.ActiveCfg = Release|Any CPU
		{AEB363AB-2F7F-4277-B0C8-02241DC40D19}.Release|Any CPU.Build.0 = Release|Any CPU
		{AEB363AB-2F7F-4277-B0C8-02241DC40D19}.Release|Any CPU.Deploy.0 = Release|Any CPU
		{AEB363AB-2F7F-4277-B0C8-02241DC40D19}.Release|ARM.ActiveCfg = Release|Any CPU
		{AEB363AB-2F7F-4277-B0C8-02241DC40D19}.Release|ARM.Build.0 = Release|Any CPU
		{AEB363AB-2F7F-4277-B0C8-02241DC40D19}.Release|ARM.Deploy.0 = Release|Any CPU
		{AEB363AB-2F7F-4277-B0C8-02241DC40D19}.Release|ARM64.ActiveCfg = Release|Any CPU
		{AEB363AB-2F7F-4277-B0C8-02241DC40D19}.Release|ARM64.Build.0 = Release|Any CPU
		{AEB363AB-2F7F-4277-B0C8-02241DC40D19}.Release|ARM64.Deploy.0 = Release|Any CPU
		{AEB363AB-2F7F-4277-B0C8-02241DC40D19}.Release|iPhone.ActiveCfg = Release|Any CPU
		{AEB363AB-2F7F-4277-B0C8-02241DC40D19}.Release|iPhone.Build.0 = Release|Any CPU
		{AEB363AB-2F7F-4277-B0C8-02241DC40D19}.Release|iPhone.Deploy.0 = Release|Any CPU
		{AEB363AB-2F7F-4277-B0C8-02241DC40D19}.Release|iPhoneSimulator.ActiveCfg = Release|Any CPU
		{AEB363AB-2F7F-4277-B0C8-02241DC40D19}.Release|iPhoneSimulator.Build.0 = Release|Any CPU
		{AEB363AB-2F7F-4277-B0C8-02241DC40D19}.Release|iPhoneSimulator.Deploy.0 = Release|Any CPU
		{AEB363AB-2F7F-4277-B0C8-02241DC40D19}.Release|x64.ActiveCfg = Release|Any CPU
		{AEB363AB-2F7F-4277-B0C8-02241DC40D19}.Release|x64.Build.0 = Release|Any CPU
		{AEB363AB-2F7F-4277-B0C8-02241DC40D19}.Release|x64.Deploy.0 = Release|Any CPU
		{AEB363AB-2F7F-4277-B0C8-02241DC40D19}.Release|x86.ActiveCfg = Release|Any CPU
		{AEB363AB-2F7F-4277-B0C8-02241DC40D19}.Release|x86.Build.0 = Release|Any CPU
		{AEB363AB-2F7F-4277-B0C8-02241DC40D19}.Release|x86.Deploy.0 = Release|Any CPU
		{2EEF7111-9A10-458C-975E-B123FB0AE6C1}.Ad-Hoc|Any CPU.ActiveCfg = Ad-Hoc|iPhone
		{2EEF7111-9A10-458C-975E-B123FB0AE6C1}.Ad-Hoc|ARM.ActiveCfg = Ad-Hoc|iPhone
		{2EEF7111-9A10-458C-975E-B123FB0AE6C1}.Ad-Hoc|ARM64.ActiveCfg = Ad-Hoc|iPhone
		{2EEF7111-9A10-458C-975E-B123FB0AE6C1}.Ad-Hoc|iPhone.ActiveCfg = Ad-Hoc|iPhone
		{2EEF7111-9A10-458C-975E-B123FB0AE6C1}.Ad-Hoc|iPhone.Build.0 = Ad-Hoc|iPhone
		{2EEF7111-9A10-458C-975E-B123FB0AE6C1}.Ad-Hoc|iPhoneSimulator.ActiveCfg = Ad-Hoc|iPhoneSimulator
		{2EEF7111-9A10-458C-975E-B123FB0AE6C1}.Ad-Hoc|iPhoneSimulator.Build.0 = Ad-Hoc|iPhoneSimulator
		{2EEF7111-9A10-458C-975E-B123FB0AE6C1}.Ad-Hoc|x64.ActiveCfg = Ad-Hoc|iPhone
		{2EEF7111-9A10-458C-975E-B123FB0AE6C1}.Ad-Hoc|x86.ActiveCfg = Ad-Hoc|iPhone
		{2EEF7111-9A10-458C-975E-B123FB0AE6C1}.AppStore|Any CPU.ActiveCfg = AppStore|iPhone
		{2EEF7111-9A10-458C-975E-B123FB0AE6C1}.AppStore|ARM.ActiveCfg = AppStore|iPhone
		{2EEF7111-9A10-458C-975E-B123FB0AE6C1}.AppStore|ARM64.ActiveCfg = AppStore|iPhone
		{2EEF7111-9A10-458C-975E-B123FB0AE6C1}.AppStore|iPhone.ActiveCfg = AppStore|iPhone
		{2EEF7111-9A10-458C-975E-B123FB0AE6C1}.AppStore|iPhone.Build.0 = AppStore|iPhone
		{2EEF7111-9A10-458C-975E-B123FB0AE6C1}.AppStore|iPhoneSimulator.ActiveCfg = AppStore|iPhoneSimulator
		{2EEF7111-9A10-458C-975E-B123FB0AE6C1}.AppStore|iPhoneSimulator.Build.0 = AppStore|iPhoneSimulator
		{2EEF7111-9A10-458C-975E-B123FB0AE6C1}.AppStore|x64.ActiveCfg = AppStore|iPhone
		{2EEF7111-9A10-458C-975E-B123FB0AE6C1}.AppStore|x86.ActiveCfg = AppStore|iPhone
		{2EEF7111-9A10-458C-975E-B123FB0AE6C1}.Debug|Any CPU.ActiveCfg = Debug|iPhone
		{2EEF7111-9A10-458C-975E-B123FB0AE6C1}.Debug|ARM.ActiveCfg = Debug|iPhone
		{2EEF7111-9A10-458C-975E-B123FB0AE6C1}.Debug|ARM64.ActiveCfg = Debug|iPhone
		{2EEF7111-9A10-458C-975E-B123FB0AE6C1}.Debug|iPhone.ActiveCfg = Debug|iPhone
		{2EEF7111-9A10-458C-975E-B123FB0AE6C1}.Debug|iPhone.Build.0 = Debug|iPhone
		{2EEF7111-9A10-458C-975E-B123FB0AE6C1}.Debug|iPhoneSimulator.ActiveCfg = Debug|iPhoneSimulator
		{2EEF7111-9A10-458C-975E-B123FB0AE6C1}.Debug|iPhoneSimulator.Build.0 = Debug|iPhoneSimulator
		{2EEF7111-9A10-458C-975E-B123FB0AE6C1}.Debug|x64.ActiveCfg = Debug|iPhone
		{2EEF7111-9A10-458C-975E-B123FB0AE6C1}.Debug|x86.ActiveCfg = Debug|iPhone
		{2EEF7111-9A10-458C-975E-B123FB0AE6C1}.Release|Any CPU.ActiveCfg = Release|iPhone
		{2EEF7111-9A10-458C-975E-B123FB0AE6C1}.Release|ARM.ActiveCfg = Release|iPhone
		{2EEF7111-9A10-458C-975E-B123FB0AE6C1}.Release|ARM64.ActiveCfg = Release|iPhone
		{2EEF7111-9A10-458C-975E-B123FB0AE6C1}.Release|iPhone.ActiveCfg = Release|iPhone
		{2EEF7111-9A10-458C-975E-B123FB0AE6C1}.Release|iPhone.Build.0 = Release|iPhone
		{2EEF7111-9A10-458C-975E-B123FB0AE6C1}.Release|iPhoneSimulator.ActiveCfg = Release|iPhoneSimulator
		{2EEF7111-9A10-458C-975E-B123FB0AE6C1}.Release|iPhoneSimulator.Build.0 = Release|iPhoneSimulator
		{2EEF7111-9A10-458C-975E-B123FB0AE6C1}.Release|x64.ActiveCfg = Release|iPhone
		{2EEF7111-9A10-458C-975E-B123FB0AE6C1}.Release|x86.ActiveCfg = Release|iPhone
		{4ED5EC5E-06AC-49BB-98D0-08D7611C565B}.Ad-Hoc|Any CPU.ActiveCfg = Release|x64
		{4ED5EC5E-06AC-49BB-98D0-08D7611C565B}.Ad-Hoc|Any CPU.Build.0 = Release|x64
		{4ED5EC5E-06AC-49BB-98D0-08D7611C565B}.Ad-Hoc|Any CPU.Deploy.0 = Release|x64
		{4ED5EC5E-06AC-49BB-98D0-08D7611C565B}.Ad-Hoc|ARM.ActiveCfg = Release|ARM
		{4ED5EC5E-06AC-49BB-98D0-08D7611C565B}.Ad-Hoc|ARM.Build.0 = Release|ARM
		{4ED5EC5E-06AC-49BB-98D0-08D7611C565B}.Ad-Hoc|ARM.Deploy.0 = Release|ARM
		{4ED5EC5E-06AC-49BB-98D0-08D7611C565B}.Ad-Hoc|ARM64.ActiveCfg = Release|ARM64
		{4ED5EC5E-06AC-49BB-98D0-08D7611C565B}.Ad-Hoc|ARM64.Build.0 = Release|ARM64
		{4ED5EC5E-06AC-49BB-98D0-08D7611C565B}.Ad-Hoc|ARM64.Deploy.0 = Release|ARM64
		{4ED5EC5E-06AC-49BB-98D0-08D7611C565B}.Ad-Hoc|iPhone.ActiveCfg = Release|x64
		{4ED5EC5E-06AC-49BB-98D0-08D7611C565B}.Ad-Hoc|iPhone.Build.0 = Release|x64
		{4ED5EC5E-06AC-49BB-98D0-08D7611C565B}.Ad-Hoc|iPhone.Deploy.0 = Release|x64
		{4ED5EC5E-06AC-49BB-98D0-08D7611C565B}.Ad-Hoc|iPhoneSimulator.ActiveCfg = Release|x64
		{4ED5EC5E-06AC-49BB-98D0-08D7611C565B}.Ad-Hoc|iPhoneSimulator.Build.0 = Release|x64
		{4ED5EC5E-06AC-49BB-98D0-08D7611C565B}.Ad-Hoc|iPhoneSimulator.Deploy.0 = Release|x64
		{4ED5EC5E-06AC-49BB-98D0-08D7611C565B}.Ad-Hoc|x64.ActiveCfg = Release|x64
		{4ED5EC5E-06AC-49BB-98D0-08D7611C565B}.Ad-Hoc|x64.Build.0 = Release|x64
		{4ED5EC5E-06AC-49BB-98D0-08D7611C565B}.Ad-Hoc|x64.Deploy.0 = Release|x64
		{4ED5EC5E-06AC-49BB-98D0-08D7611C565B}.Ad-Hoc|x86.ActiveCfg = Release|x86
		{4ED5EC5E-06AC-49BB-98D0-08D7611C565B}.Ad-Hoc|x86.Build.0 = Release|x86
		{4ED5EC5E-06AC-49BB-98D0-08D7611C565B}.Ad-Hoc|x86.Deploy.0 = Release|x86
		{4ED5EC5E-06AC-49BB-98D0-08D7611C565B}.AppStore|Any CPU.ActiveCfg = Release|x64
		{4ED5EC5E-06AC-49BB-98D0-08D7611C565B}.AppStore|Any CPU.Build.0 = Release|x64
		{4ED5EC5E-06AC-49BB-98D0-08D7611C565B}.AppStore|Any CPU.Deploy.0 = Release|x64
		{4ED5EC5E-06AC-49BB-98D0-08D7611C565B}.AppStore|ARM.ActiveCfg = Release|ARM
		{4ED5EC5E-06AC-49BB-98D0-08D7611C565B}.AppStore|ARM.Build.0 = Release|ARM
		{4ED5EC5E-06AC-49BB-98D0-08D7611C565B}.AppStore|ARM.Deploy.0 = Release|ARM
		{4ED5EC5E-06AC-49BB-98D0-08D7611C565B}.AppStore|ARM64.ActiveCfg = Release|ARM64
		{4ED5EC5E-06AC-49BB-98D0-08D7611C565B}.AppStore|ARM64.Build.0 = Release|ARM64
		{4ED5EC5E-06AC-49BB-98D0-08D7611C565B}.AppStore|ARM64.Deploy.0 = Release|ARM64
		{4ED5EC5E-06AC-49BB-98D0-08D7611C565B}.AppStore|iPhone.ActiveCfg = Release|x64
		{4ED5EC5E-06AC-49BB-98D0-08D7611C565B}.AppStore|iPhone.Build.0 = Release|x64
		{4ED5EC5E-06AC-49BB-98D0-08D7611C565B}.AppStore|iPhone.Deploy.0 = Release|x64
		{4ED5EC5E-06AC-49BB-98D0-08D7611C565B}.AppStore|iPhoneSimulator.ActiveCfg = Release|x64
		{4ED5EC5E-06AC-49BB-98D0-08D7611C565B}.AppStore|iPhoneSimulator.Build.0 = Release|x64
		{4ED5EC5E-06AC-49BB-98D0-08D7611C565B}.AppStore|iPhoneSimulator.Deploy.0 = Release|x64
		{4ED5EC5E-06AC-49BB-98D0-08D7611C565B}.AppStore|x64.ActiveCfg = Release|x64
		{4ED5EC5E-06AC-49BB-98D0-08D7611C565B}.AppStore|x64.Build.0 = Release|x64
		{4ED5EC5E-06AC-49BB-98D0-08D7611C565B}.AppStore|x64.Deploy.0 = Release|x64
		{4ED5EC5E-06AC-49BB-98D0-08D7611C565B}.AppStore|x86.ActiveCfg = Release|x86
		{4ED5EC5E-06AC-49BB-98D0-08D7611C565B}.AppStore|x86.Build.0 = Release|x86
		{4ED5EC5E-06AC-49BB-98D0-08D7611C565B}.AppStore|x86.Deploy.0 = Release|x86
		{4ED5EC5E-06AC-49BB-98D0-08D7611C565B}.Debug|Any CPU.ActiveCfg = Debug|x86
		{4ED5EC5E-06AC-49BB-98D0-08D7611C565B}.Debug|ARM.ActiveCfg = Debug|ARM
		{4ED5EC5E-06AC-49BB-98D0-08D7611C565B}.Debug|ARM.Build.0 = Debug|ARM
		{4ED5EC5E-06AC-49BB-98D0-08D7611C565B}.Debug|ARM.Deploy.0 = Debug|ARM
		{4ED5EC5E-06AC-49BB-98D0-08D7611C565B}.Debug|ARM64.ActiveCfg = Debug|ARM64
		{4ED5EC5E-06AC-49BB-98D0-08D7611C565B}.Debug|ARM64.Build.0 = Debug|ARM64
		{4ED5EC5E-06AC-49BB-98D0-08D7611C565B}.Debug|ARM64.Deploy.0 = Debug|ARM64
		{4ED5EC5E-06AC-49BB-98D0-08D7611C565B}.Debug|iPhone.ActiveCfg = Debug|x86
		{4ED5EC5E-06AC-49BB-98D0-08D7611C565B}.Debug|iPhoneSimulator.ActiveCfg = Debug|x86
		{4ED5EC5E-06AC-49BB-98D0-08D7611C565B}.Debug|x64.ActiveCfg = Debug|x64
		{4ED5EC5E-06AC-49BB-98D0-08D7611C565B}.Debug|x64.Build.0 = Debug|x64
		{4ED5EC5E-06AC-49BB-98D0-08D7611C565B}.Debug|x64.Deploy.0 = Debug|x64
		{4ED5EC5E-06AC-49BB-98D0-08D7611C565B}.Debug|x86.ActiveCfg = Debug|x86
		{4ED5EC5E-06AC-49BB-98D0-08D7611C565B}.Debug|x86.Build.0 = Debug|x86
		{4ED5EC5E-06AC-49BB-98D0-08D7611C565B}.Debug|x86.Deploy.0 = Debug|x86
		{4ED5EC5E-06AC-49BB-98D0-08D7611C565B}.Release|Any CPU.ActiveCfg = Release|x86
		{4ED5EC5E-06AC-49BB-98D0-08D7611C565B}.Release|ARM.ActiveCfg = Release|ARM
		{4ED5EC5E-06AC-49BB-98D0-08D7611C565B}.Release|ARM.Build.0 = Release|ARM
		{4ED5EC5E-06AC-49BB-98D0-08D7611C565B}.Release|ARM.Deploy.0 = Release|ARM
		{4ED5EC5E-06AC-49BB-98D0-08D7611C565B}.Release|ARM64.ActiveCfg = Release|ARM64
		{4ED5EC5E-06AC-49BB-98D0-08D7611C565B}.Release|ARM64.Build.0 = Release|ARM64
		{4ED5EC5E-06AC-49BB-98D0-08D7611C565B}.Release|ARM64.Deploy.0 = Release|ARM64
		{4ED5EC5E-06AC-49BB-98D0-08D7611C565B}.Release|iPhone.ActiveCfg = Release|x86
		{4ED5EC5E-06AC-49BB-98D0-08D7611C565B}.Release|iPhoneSimulator.ActiveCfg = Release|x86
		{4ED5EC5E-06AC-49BB-98D0-08D7611C565B}.Release|x64.ActiveCfg = Release|x64
		{4ED5EC5E-06AC-49BB-98D0-08D7611C565B}.Release|x64.Build.0 = Release|x64
		{4ED5EC5E-06AC-49BB-98D0-08D7611C565B}.Release|x64.Deploy.0 = Release|x64
		{4ED5EC5E-06AC-49BB-98D0-08D7611C565B}.Release|x86.ActiveCfg = Release|x86
		{4ED5EC5E-06AC-49BB-98D0-08D7611C565B}.Release|x86.Build.0 = Release|x86
		{4ED5EC5E-06AC-49BB-98D0-08D7611C565B}.Release|x86.Deploy.0 = Release|x86
		{4FCE4590-547D-4342-8715-34BED09C4A3B}.Ad-Hoc|Any CPU.ActiveCfg = Debug|Any CPU
		{4FCE4590-547D-4342-8715-34BED09C4A3B}.Ad-Hoc|Any CPU.Build.0 = Debug|Any CPU
		{4FCE4590-547D-4342-8715-34BED09C4A3B}.Ad-Hoc|ARM.ActiveCfg = Debug|Any CPU
		{4FCE4590-547D-4342-8715-34BED09C4A3B}.Ad-Hoc|ARM.Build.0 = Debug|Any CPU
		{4FCE4590-547D-4342-8715-34BED09C4A3B}.Ad-Hoc|ARM64.ActiveCfg = Debug|Any CPU
		{4FCE4590-547D-4342-8715-34BED09C4A3B}.Ad-Hoc|ARM64.Build.0 = Debug|Any CPU
		{4FCE4590-547D-4342-8715-34BED09C4A3B}.Ad-Hoc|iPhone.ActiveCfg = Debug|Any CPU
		{4FCE4590-547D-4342-8715-34BED09C4A3B}.Ad-Hoc|iPhone.Build.0 = Debug|Any CPU
		{4FCE4590-547D-4342-8715-34BED09C4A3B}.Ad-Hoc|iPhoneSimulator.ActiveCfg = Debug|Any CPU
		{4FCE4590-547D-4342-8715-34BED09C4A3B}.Ad-Hoc|iPhoneSimulator.Build.0 = Debug|Any CPU
		{4FCE4590-547D-4342-8715-34BED09C4A3B}.Ad-Hoc|x64.ActiveCfg = Debug|Any CPU
		{4FCE4590-547D-4342-8715-34BED09C4A3B}.Ad-Hoc|x64.Build.0 = Debug|Any CPU
		{4FCE4590-547D-4342-8715-34BED09C4A3B}.Ad-Hoc|x86.ActiveCfg = Debug|Any CPU
		{4FCE4590-547D-4342-8715-34BED09C4A3B}.Ad-Hoc|x86.Build.0 = Debug|Any CPU
		{4FCE4590-547D-4342-8715-34BED09C4A3B}.AppStore|Any CPU.ActiveCfg = Debug|Any CPU
		{4FCE4590-547D-4342-8715-34BED09C4A3B}.AppStore|Any CPU.Build.0 = Debug|Any CPU
		{4FCE4590-547D-4342-8715-34BED09C4A3B}.AppStore|ARM.ActiveCfg = Debug|Any CPU
		{4FCE4590-547D-4342-8715-34BED09C4A3B}.AppStore|ARM.Build.0 = Debug|Any CPU
		{4FCE4590-547D-4342-8715-34BED09C4A3B}.AppStore|ARM64.ActiveCfg = Debug|Any CPU
		{4FCE4590-547D-4342-8715-34BED09C4A3B}.AppStore|ARM64.Build.0 = Debug|Any CPU
		{4FCE4590-547D-4342-8715-34BED09C4A3B}.AppStore|iPhone.ActiveCfg = Debug|Any CPU
		{4FCE4590-547D-4342-8715-34BED09C4A3B}.AppStore|iPhone.Build.0 = Debug|Any CPU
		{4FCE4590-547D-4342-8715-34BED09C4A3B}.AppStore|iPhoneSimulator.ActiveCfg = Debug|Any CPU
		{4FCE4590-547D-4342-8715-34BED09C4A3B}.AppStore|iPhoneSimulator.Build.0 = Debug|Any CPU
		{4FCE4590-547D-4342-8715-34BED09C4A3B}.AppStore|x64.ActiveCfg = Debug|Any CPU
		{4FCE4590-547D-4342-8715-34BED09C4A3B}.AppStore|x64.Build.0 = Debug|Any CPU
		{4FCE4590-547D-4342-8715-34BED09C4A3B}.AppStore|x86.ActiveCfg = Debug|Any CPU
		{4FCE4590-547D-4342-8715-34BED09C4A3B}.AppStore|x86.Build.0 = Debug|Any CPU
		{4FCE4590-547D-4342-8715-34BED09C4A3B}.Debug|Any CPU.ActiveCfg = Debug|Any CPU
		{4FCE4590-547D-4342-8715-34BED09C4A3B}.Debug|Any CPU.Build.0 = Debug|Any CPU
		{4FCE4590-547D-4342-8715-34BED09C4A3B}.Debug|ARM.ActiveCfg = Debug|Any CPU
		{4FCE4590-547D-4342-8715-34BED09C4A3B}.Debug|ARM.Build.0 = Debug|Any CPU
		{4FCE4590-547D-4342-8715-34BED09C4A3B}.Debug|ARM64.ActiveCfg = Debug|Any CPU
		{4FCE4590-547D-4342-8715-34BED09C4A3B}.Debug|ARM64.Build.0 = Debug|Any CPU
		{4FCE4590-547D-4342-8715-34BED09C4A3B}.Debug|iPhone.ActiveCfg = Debug|Any CPU
		{4FCE4590-547D-4342-8715-34BED09C4A3B}.Debug|iPhone.Build.0 = Debug|Any CPU
		{4FCE4590-547D-4342-8715-34BED09C4A3B}.Debug|iPhoneSimulator.ActiveCfg = Debug|Any CPU
		{4FCE4590-547D-4342-8715-34BED09C4A3B}.Debug|iPhoneSimulator.Build.0 = Debug|Any CPU
		{4FCE4590-547D-4342-8715-34BED09C4A3B}.Debug|x64.ActiveCfg = Debug|Any CPU
		{4FCE4590-547D-4342-8715-34BED09C4A3B}.Debug|x64.Build.0 = Debug|Any CPU
		{4FCE4590-547D-4342-8715-34BED09C4A3B}.Debug|x86.ActiveCfg = Debug|Any CPU
		{4FCE4590-547D-4342-8715-34BED09C4A3B}.Debug|x86.Build.0 = Debug|Any CPU
		{4FCE4590-547D-4342-8715-34BED09C4A3B}.Release|Any CPU.ActiveCfg = Release|Any CPU
		{4FCE4590-547D-4342-8715-34BED09C4A3B}.Release|Any CPU.Build.0 = Release|Any CPU
		{4FCE4590-547D-4342-8715-34BED09C4A3B}.Release|ARM.ActiveCfg = Release|Any CPU
		{4FCE4590-547D-4342-8715-34BED09C4A3B}.Release|ARM.Build.0 = Release|Any CPU
		{4FCE4590-547D-4342-8715-34BED09C4A3B}.Release|ARM64.ActiveCfg = Release|Any CPU
		{4FCE4590-547D-4342-8715-34BED09C4A3B}.Release|ARM64.Build.0 = Release|Any CPU
		{4FCE4590-547D-4342-8715-34BED09C4A3B}.Release|iPhone.ActiveCfg = Release|Any CPU
		{4FCE4590-547D-4342-8715-34BED09C4A3B}.Release|iPhone.Build.0 = Release|Any CPU
		{4FCE4590-547D-4342-8715-34BED09C4A3B}.Release|iPhoneSimulator.ActiveCfg = Release|Any CPU
		{4FCE4590-547D-4342-8715-34BED09C4A3B}.Release|iPhoneSimulator.Build.0 = Release|Any CPU
		{4FCE4590-547D-4342-8715-34BED09C4A3B}.Release|x64.ActiveCfg = Release|Any CPU
		{4FCE4590-547D-4342-8715-34BED09C4A3B}.Release|x64.Build.0 = Release|Any CPU
		{4FCE4590-547D-4342-8715-34BED09C4A3B}.Release|x86.ActiveCfg = Release|Any CPU
		{4FCE4590-547D-4342-8715-34BED09C4A3B}.Release|x86.Build.0 = Release|Any CPU
		{3D5BBCB2-8757-4437-99BA-A3C793CEAFE8}.Ad-Hoc|Any CPU.ActiveCfg = Release|iPhoneSimulator
		{3D5BBCB2-8757-4437-99BA-A3C793CEAFE8}.Ad-Hoc|Any CPU.Build.0 = Release|iPhoneSimulator
		{3D5BBCB2-8757-4437-99BA-A3C793CEAFE8}.Ad-Hoc|ARM.ActiveCfg = Release|iPhoneSimulator
		{3D5BBCB2-8757-4437-99BA-A3C793CEAFE8}.Ad-Hoc|ARM.Build.0 = Release|iPhoneSimulator
		{3D5BBCB2-8757-4437-99BA-A3C793CEAFE8}.Ad-Hoc|ARM64.ActiveCfg = Release|iPhoneSimulator
		{3D5BBCB2-8757-4437-99BA-A3C793CEAFE8}.Ad-Hoc|ARM64.Build.0 = Release|iPhoneSimulator
		{3D5BBCB2-8757-4437-99BA-A3C793CEAFE8}.Ad-Hoc|iPhone.ActiveCfg = Release|iPhoneSimulator
		{3D5BBCB2-8757-4437-99BA-A3C793CEAFE8}.Ad-Hoc|iPhone.Build.0 = Release|iPhoneSimulator
		{3D5BBCB2-8757-4437-99BA-A3C793CEAFE8}.Ad-Hoc|iPhoneSimulator.ActiveCfg = Release|iPhoneSimulator
		{3D5BBCB2-8757-4437-99BA-A3C793CEAFE8}.Ad-Hoc|iPhoneSimulator.Build.0 = Release|iPhoneSimulator
		{3D5BBCB2-8757-4437-99BA-A3C793CEAFE8}.Ad-Hoc|x64.ActiveCfg = Release|iPhoneSimulator
		{3D5BBCB2-8757-4437-99BA-A3C793CEAFE8}.Ad-Hoc|x64.Build.0 = Release|iPhoneSimulator
		{3D5BBCB2-8757-4437-99BA-A3C793CEAFE8}.Ad-Hoc|x86.ActiveCfg = Release|iPhoneSimulator
		{3D5BBCB2-8757-4437-99BA-A3C793CEAFE8}.Ad-Hoc|x86.Build.0 = Release|iPhoneSimulator
		{3D5BBCB2-8757-4437-99BA-A3C793CEAFE8}.AppStore|Any CPU.ActiveCfg = Release|iPhoneSimulator
		{3D5BBCB2-8757-4437-99BA-A3C793CEAFE8}.AppStore|Any CPU.Build.0 = Release|iPhoneSimulator
		{3D5BBCB2-8757-4437-99BA-A3C793CEAFE8}.AppStore|ARM.ActiveCfg = Release|iPhoneSimulator
		{3D5BBCB2-8757-4437-99BA-A3C793CEAFE8}.AppStore|ARM.Build.0 = Release|iPhoneSimulator
		{3D5BBCB2-8757-4437-99BA-A3C793CEAFE8}.AppStore|ARM64.ActiveCfg = Release|iPhoneSimulator
		{3D5BBCB2-8757-4437-99BA-A3C793CEAFE8}.AppStore|ARM64.Build.0 = Release|iPhoneSimulator
		{3D5BBCB2-8757-4437-99BA-A3C793CEAFE8}.AppStore|iPhone.ActiveCfg = Release|iPhoneSimulator
		{3D5BBCB2-8757-4437-99BA-A3C793CEAFE8}.AppStore|iPhone.Build.0 = Release|iPhoneSimulator
		{3D5BBCB2-8757-4437-99BA-A3C793CEAFE8}.AppStore|iPhoneSimulator.ActiveCfg = Release|iPhoneSimulator
		{3D5BBCB2-8757-4437-99BA-A3C793CEAFE8}.AppStore|iPhoneSimulator.Build.0 = Release|iPhoneSimulator
		{3D5BBCB2-8757-4437-99BA-A3C793CEAFE8}.AppStore|x64.ActiveCfg = Release|iPhoneSimulator
		{3D5BBCB2-8757-4437-99BA-A3C793CEAFE8}.AppStore|x64.Build.0 = Release|iPhoneSimulator
		{3D5BBCB2-8757-4437-99BA-A3C793CEAFE8}.AppStore|x86.ActiveCfg = Release|iPhoneSimulator
		{3D5BBCB2-8757-4437-99BA-A3C793CEAFE8}.AppStore|x86.Build.0 = Release|iPhoneSimulator
		{3D5BBCB2-8757-4437-99BA-A3C793CEAFE8}.Debug|Any CPU.ActiveCfg = Debug|iPhoneSimulator
		{3D5BBCB2-8757-4437-99BA-A3C793CEAFE8}.Debug|ARM.ActiveCfg = Debug|iPhoneSimulator
		{3D5BBCB2-8757-4437-99BA-A3C793CEAFE8}.Debug|ARM64.ActiveCfg = Debug|iPhoneSimulator
		{3D5BBCB2-8757-4437-99BA-A3C793CEAFE8}.Debug|iPhone.ActiveCfg = Debug|iPhoneSimulator
		{3D5BBCB2-8757-4437-99BA-A3C793CEAFE8}.Debug|iPhoneSimulator.ActiveCfg = Debug|iPhoneSimulator
		{3D5BBCB2-8757-4437-99BA-A3C793CEAFE8}.Debug|iPhoneSimulator.Build.0 = Debug|iPhoneSimulator
		{3D5BBCB2-8757-4437-99BA-A3C793CEAFE8}.Debug|x64.ActiveCfg = Debug|iPhoneSimulator
		{3D5BBCB2-8757-4437-99BA-A3C793CEAFE8}.Debug|x86.ActiveCfg = Debug|iPhoneSimulator
		{3D5BBCB2-8757-4437-99BA-A3C793CEAFE8}.Release|Any CPU.ActiveCfg = Release|iPhoneSimulator
		{3D5BBCB2-8757-4437-99BA-A3C793CEAFE8}.Release|ARM.ActiveCfg = Release|iPhoneSimulator
		{3D5BBCB2-8757-4437-99BA-A3C793CEAFE8}.Release|ARM64.ActiveCfg = Release|iPhoneSimulator
		{3D5BBCB2-8757-4437-99BA-A3C793CEAFE8}.Release|iPhone.ActiveCfg = Release|iPhoneSimulator
		{3D5BBCB2-8757-4437-99BA-A3C793CEAFE8}.Release|iPhoneSimulator.ActiveCfg = Release|iPhoneSimulator
		{3D5BBCB2-8757-4437-99BA-A3C793CEAFE8}.Release|iPhoneSimulator.Build.0 = Release|iPhoneSimulator
		{3D5BBCB2-8757-4437-99BA-A3C793CEAFE8}.Release|x64.ActiveCfg = Release|iPhoneSimulator
		{3D5BBCB2-8757-4437-99BA-A3C793CEAFE8}.Release|x86.ActiveCfg = Release|iPhoneSimulator
	EndGlobalSection
	GlobalSection(SolutionProperties) = preSolution
		HideSolutionNode = FALSE
	EndGlobalSection
	GlobalSection(NestedProjects) = preSolution
		{D32099AD-9478-430C-818B-AFA72F75FB55} = {40A54429-1411-4933-B51E-5FAE8B12DA35}
	EndGlobalSection
	GlobalSection(ExtensibilityGlobals) = postSolution
		SolutionGuid = {205313B3-FD5B-490C-81F7-9133D8378AFC}
	EndGlobalSection
EndGlobal
